// !$*UTF8*$!
{
	archiveVersion = 1;
	classes = {
	};
	objectVersion = 46;
	objects = {

/* Begin PBXBuildFile section */
		B21E21D01464841900E76504 /* Matrix4.h in Headers */ = {isa = PBXBuildFile; fileRef = B21E21CF1464841900E76504 /* Matrix4.h */; };
		B21E21D2146484A600E76504 /* Matrix3.h in Headers */ = {isa = PBXBuildFile; fileRef = B21E21D1146484A600E76504 /* Matrix3.h */; };
		B21E2E1D150318030053A169 /* Frustrum.h in Headers */ = {isa = PBXBuildFile; fileRef = B21E2E1C150318030053A169 /* Frustrum.h */; };
		B21E2E1F15031ACE0053A169 /* Frustrum.cpp in Sources */ = {isa = PBXBuildFile; fileRef = B21E2E1E15031ACE0053A169 /* Frustrum.cpp */; };
		B21EE32C12B86C19006DA869 /* fragment.fs in Bundle Resources */ = {isa = PBXBuildFile; fileRef = B21EE32B12B86C19006DA869 /* fragment.fs */; };
		B21EE32E12B86C21006DA869 /* vertex.vs in Bundle Resources */ = {isa = PBXBuildFile; fileRef = B21EE32D12B86C21006DA869 /* vertex.vs */; };
		B221765D1474200B00E3C864 /* Matrix3.cpp in Sources */ = {isa = PBXBuildFile; fileRef = B221765C1474200B00E3C864 /* Matrix3.cpp */; };
		B25F04B212BAD6C900F7F16F /* Diffuse Map.jpeg in Bundle Resources */ = {isa = PBXBuildFile; fileRef = B25F04B012BAD6C900F7F16F /* Diffuse Map.jpeg */; };
		B25F04B312BAD6C900F7F16F /* Normal Map.jpeg in Bundle Resources */ = {isa = PBXBuildFile; fileRef = B25F04B112BAD6C900F7F16F /* Normal Map.jpeg */; };
		B27425B01507CB4300714205 /* InputHandler.h in Headers */ = {isa = PBXBuildFile; fileRef = B27425AF1507CB4300714205 /* InputHandler.h */; };
		B27425B215093A7400714205 /* InputHandler.cpp in Sources */ = {isa = PBXBuildFile; fileRef = B27425B115093A7400714205 /* InputHandler.cpp */; };
		B287E62D1468C144003A7C73 /* Node.h in Headers */ = {isa = PBXBuildFile; fileRef = B287E62C1468C144003A7C73 /* Node.h */; };
		B287E62F1469D57E003A7C73 /* Matrix4.cpp in Sources */ = {isa = PBXBuildFile; fileRef = B287E62E1469D57E003A7C73 /* Matrix4.cpp */; };
		B287E6311469D5FD003A7C73 /* Node.cpp in Sources */ = {isa = PBXBuildFile; fileRef = B287E6301469D5FD003A7C73 /* Node.cpp */; };
		B28A8FCB12C286900013935B /* canvas.h in Headers */ = {isa = PBXBuildFile; fileRef = 2FF4AAED118E1624A4BE9216 /* canvas.h */; };
		B28A8FCC12C286900013935B /* Core.h in Headers */ = {isa = PBXBuildFile; fileRef = 28537ECF3D595217F36783DF /* Core.h */; };
		B28A8FCD12C286910013935B /* cubeprimitive.h in Headers */ = {isa = PBXBuildFile; fileRef = 6DA18148AEF71BD8FF1F7AA3 /* cubeprimitive.h */; };
		B28A8FCE12C286910013935B /* Object.h in Headers */ = {isa = PBXBuildFile; fileRef = BEA543A39567608D0CF5CF31 /* Object.h */; };
		B28A8FCF12C286910013935B /* RenderWindow.h in Headers */ = {isa = PBXBuildFile; fileRef = B20C044412B7D8E0008450C9 /* RenderWindow.h */; };
		B28A8FD012C286910013935B /* OSXRenderWindow.h in Headers */ = {isa = PBXBuildFile; fileRef = B20C044512B7D974008450C9 /* OSXRenderWindow.h */; };
		B28A8FD112C286910013935B /* OpenGLView.h in Headers */ = {isa = PBXBuildFile; fileRef = B20C0B7F12B816BD008450C9 /* OpenGLView.h */; };
		B28A8FD212C286910013935B /* EventListener.h in Headers */ = {isa = PBXBuildFile; fileRef = B2C0F6AE12BF21A30098F2D1 /* EventListener.h */; };
		B28A8FD412C286A30013935B /* Camera.cpp in Sources */ = {isa = PBXBuildFile; fileRef = 67381B0FA8EC4D70A8052D16 /* Camera.cpp */; };
		B28A8FD512C286A30013935B /* canvas.cpp in Sources */ = {isa = PBXBuildFile; fileRef = AD28C147A9008FAEB5627B6E /* canvas.cpp */; };
		B28A8FD612C286A30013935B /* Core.cpp in Sources */ = {isa = PBXBuildFile; fileRef = 74AC90F0AD1FC3DF3C4C1F33 /* Core.cpp */; };
		B28A8FD712C286A30013935B /* cubeprimitive.cpp in Sources */ = {isa = PBXBuildFile; fileRef = 58ACEA7F1D3CEA0B8947897E /* cubeprimitive.cpp */; };
		B28A8FD812C286A30013935B /* RenderWindow.cpp in Sources */ = {isa = PBXBuildFile; fileRef = B20C048D12B7E393008450C9 /* RenderWindow.cpp */; };
		B28A8FD912C286A30013935B /* OSXRenderWindow.mm in Sources */ = {isa = PBXBuildFile; fileRef = B20C046712B7DC52008450C9 /* OSXRenderWindow.mm */; };
		B28A8FDA12C286A30013935B /* OpenGLView.mm in Sources */ = {isa = PBXBuildFile; fileRef = B20C0B8012B8175E008450C9 /* OpenGLView.mm */; };
		B28A8FF512C2870D0013935B /* Cocoa.framework in Frameworks */ = {isa = PBXBuildFile; fileRef = B2EA3BE312B6D2B00035E392 /* Cocoa.framework */; };
		B28A900812C287120013935B /* OpenGL.framework in Frameworks */ = {isa = PBXBuildFile; fileRef = B2EA369C12B6CEDD0035E392 /* OpenGL.framework */; };
		B28A900912C287170013935B /* libfreeimage.a in Frameworks */ = {isa = PBXBuildFile; fileRef = B2D960EA12B9A85F00F28F90 /* libfreeimage.a */; };
		B28A900A12C287170013935B /* libfreeimage.a in Frameworks & Libraries */ = {isa = PBXBuildFile; fileRef = B2D960EA12B9A85F00F28F90 /* libfreeimage.a */; };
		B28A900F12C287370013935B /* main.cpp in Build Sources */ = {isa = PBXBuildFile; fileRef = 118FCBAABA162BA17933C789 /* main.cpp */; };
		B28A901212C2874A0013935B /* libGLEngine.dylib in Frameworks & Libraries */ = {isa = PBXBuildFile; fileRef = B28A8FC612C286790013935B /* libGLEngine.dylib */; };
		B28CF9D9145866F300FAD03D /* vertexMP.vs in Bundle Resources */ = {isa = PBXBuildFile; fileRef = B28CF9D8145866F300FAD03D /* vertexMP.vs */; };
		B28CF9DB1458676B00FAD03D /* fragmentMP.fs in Build Sources */ = {isa = PBXBuildFile; fileRef = B28CF9DA1458676B00FAD03D /* fragmentMP.fs */; };
		B28CF9DC1458694F00FAD03D /* fragmentMP.fs in Bundle Resources */ = {isa = PBXBuildFile; fileRef = B28CF9DA1458676B00FAD03D /* fragmentMP.fs */; };
		B28F7AB6145B3335006F99EE /* motorcycleFairing2_5x.obj in Bundle Resources */ = {isa = PBXBuildFile; fileRef = B28F7AB5145B3335006F99EE /* motorcycleFairing2_5x.obj */; };
		B290E81714642F0600E559B2 /* SceneTree.h in Headers */ = {isa = PBXBuildFile; fileRef = B290E81614642F0600E559B2 /* SceneTree.h */; };
		B290E81914642F2800E559B2 /* Camera.h in Headers */ = {isa = PBXBuildFile; fileRef = B290E81814642F2800E559B2 /* Camera.h */; };
		B290E81B1464304700E559B2 /* SceneTree.cpp in Sources */ = {isa = PBXBuildFile; fileRef = B290E81A1464304700E559B2 /* SceneTree.cpp */; };
		B2A180861460EDB40094E14F /* tinystr.cpp in Sources */ = {isa = PBXBuildFile; fileRef = B2A180801460EDB40094E14F /* tinystr.cpp */; };
		B2A180871460EDB40094E14F /* tinystr.h in Headers */ = {isa = PBXBuildFile; fileRef = B2A180811460EDB40094E14F /* tinystr.h */; };
		B2A180881460EDB40094E14F /* tinyxml.cpp in Sources */ = {isa = PBXBuildFile; fileRef = B2A180821460EDB40094E14F /* tinyxml.cpp */; };
		B2A180891460EDB40094E14F /* tinyxml.h in Headers */ = {isa = PBXBuildFile; fileRef = B2A180831460EDB40094E14F /* tinyxml.h */; };
		B2A1808A1460EDB40094E14F /* tinyxmlerror.cpp in Sources */ = {isa = PBXBuildFile; fileRef = B2A180841460EDB40094E14F /* tinyxmlerror.cpp */; };
		B2A1808B1460EDB40094E14F /* tinyxmlparser.cpp in Sources */ = {isa = PBXBuildFile; fileRef = B2A180851460EDB40094E14F /* tinyxmlparser.cpp */; };
		B2A6BED6159E86D500DE7AD3 /* myinputhandler.cpp in Build Sources */ = {isa = PBXBuildFile; fileRef = B2A6BED5159E86D500DE7AD3 /* myinputhandler.cpp */; };
		B2A6BED8159EB34F00DE7AD3 /* Vector3.h in Headers */ = {isa = PBXBuildFile; fileRef = B2A6BED7159EB34F00DE7AD3 /* Vector3.h */; };
		B2A6BEDB159EB3EE00DE7AD3 /* Vector3.cpp in Sources */ = {isa = PBXBuildFile; fileRef = B2A6BEDA159EB3ED00DE7AD3 /* Vector3.cpp */; };
		B2C483611459F3A6008670F1 /* motorcycle2_5x.obj in Bundle Resources */ = {isa = PBXBuildFile; fileRef = B2C483601459F3A6008670F1 /* motorcycle2_5x.obj */; };
		B2C48363145A032A008670F1 /* Object.cpp in Sources */ = {isa = PBXBuildFile; fileRef = B2C48362145A032A008670F1 /* Object.cpp */; };
		B2EA367F12B6CE950035E392 /* QtGLEngine.app in Project Copy */ = {isa = PBXBuildFile; fileRef = B2EA367C12B6CE950035E392 /* QtGLEngine.app */; };
		B2EA369D12B6CEDD0035E392 /* OpenGL.framework in Frameworks & Libraries */ = {isa = PBXBuildFile; fileRef = B2EA369C12B6CEDD0035E392 /* OpenGL.framework */; };
		B2EA3BE412B6D2B00035E392 /* Cocoa.framework in Frameworks & Libraries */ = {isa = PBXBuildFile; fileRef = B2EA3BE312B6D2B00035E392 /* Cocoa.framework */; };
		B2F346E2159A8CCD00C852E5 /* app.cpp in Build Sources */ = {isa = PBXBuildFile; fileRef = B2F346E1159A8CCD00C852E5 /* app.cpp */; };
/* End PBXBuildFile section */

/* Begin PBXCopyFilesBuildPhase section */
		F6069D5A5DA8AA28EDB8B3C6 /* Project Copy */ = {
			isa = PBXCopyFilesBuildPhase;
			buildActionMask = 2147483647;
			dstPath = /Users/robrau1/Documents/RTSEngine/trunk/Engine/QtGLEngine;
			dstSubfolderSpec = 0;
			files = (
				B2EA367F12B6CE950035E392 /* QtGLEngine.app in Project Copy */,
			);
			name = "Project Copy";
			runOnlyForDeploymentPostprocessing = 0;
		};
/* End PBXCopyFilesBuildPhase section */

/* Begin PBXFileReference section */
		118FCBAABA162BA17933C789 /* main.cpp */ = {isa = PBXFileReference; lastKnownFileType = sourcecode.cpp.cpp; path = main.cpp; sourceTree = "<group>"; };
		28537ECF3D595217F36783DF /* Core.h */ = {isa = PBXFileReference; lastKnownFileType = sourcecode.c.h; path = Core.h; sourceTree = "<group>"; };
		2FF4AAED118E1624A4BE9216 /* canvas.h */ = {isa = PBXFileReference; lastKnownFileType = sourcecode.c.h; path = canvas.h; sourceTree = "<group>"; };
		58ACEA7F1D3CEA0B8947897E /* cubeprimitive.cpp */ = {isa = PBXFileReference; lastKnownFileType = sourcecode.cpp.cpp; path = cubeprimitive.cpp; sourceTree = "<group>"; };
		67381B0FA8EC4D70A8052D16 /* Camera.cpp */ = {isa = PBXFileReference; lastKnownFileType = sourcecode.cpp.cpp; path = Camera.cpp; sourceTree = "<group>"; };
		6DA18148AEF71BD8FF1F7AA3 /* cubeprimitive.h */ = {isa = PBXFileReference; lastKnownFileType = sourcecode.c.h; path = cubeprimitive.h; sourceTree = "<group>"; };
		74AC90F0AD1FC3DF3C4C1F33 /* Core.cpp */ = {isa = PBXFileReference; lastKnownFileType = sourcecode.cpp.cpp; path = Core.cpp; sourceTree = "<group>"; };
		AD28C147A9008FAEB5627B6E /* canvas.cpp */ = {isa = PBXFileReference; lastKnownFileType = sourcecode.cpp.cpp; path = canvas.cpp; sourceTree = "<group>"; };
		B20C044412B7D8E0008450C9 /* RenderWindow.h */ = {isa = PBXFileReference; fileEncoding = 4; lastKnownFileType = sourcecode.c.h; path = RenderWindow.h; sourceTree = "<group>"; };
		B20C044512B7D974008450C9 /* OSXRenderWindow.h */ = {isa = PBXFileReference; fileEncoding = 4; lastKnownFileType = sourcecode.c.h; path = OSXRenderWindow.h; sourceTree = "<group>"; };
		B20C046712B7DC52008450C9 /* OSXRenderWindow.mm */ = {isa = PBXFileReference; fileEncoding = 4; lastKnownFileType = sourcecode.cpp.objcpp; path = OSXRenderWindow.mm; sourceTree = "<group>"; };
		B20C048D12B7E393008450C9 /* RenderWindow.cpp */ = {isa = PBXFileReference; fileEncoding = 4; lastKnownFileType = sourcecode.cpp.cpp; path = RenderWindow.cpp; sourceTree = "<group>"; };
		B20C0B7F12B816BD008450C9 /* OpenGLView.h */ = {isa = PBXFileReference; fileEncoding = 4; lastKnownFileType = sourcecode.c.h; path = OpenGLView.h; sourceTree = "<group>"; };
		B20C0B8012B8175E008450C9 /* OpenGLView.mm */ = {isa = PBXFileReference; fileEncoding = 4; lastKnownFileType = sourcecode.cpp.objcpp; path = OpenGLView.mm; sourceTree = "<group>"; };
		B21E21CF1464841900E76504 /* Matrix4.h */ = {isa = PBXFileReference; fileEncoding = 4; lastKnownFileType = sourcecode.c.h; path = Matrix4.h; sourceTree = "<group>"; };
		B21E21D1146484A600E76504 /* Matrix3.h */ = {isa = PBXFileReference; fileEncoding = 4; lastKnownFileType = sourcecode.c.h; path = Matrix3.h; sourceTree = "<group>"; };
		B21E2E1C150318030053A169 /* Frustrum.h */ = {isa = PBXFileReference; fileEncoding = 4; lastKnownFileType = sourcecode.c.h; path = Frustrum.h; sourceTree = "<group>"; };
		B21E2E1E15031ACE0053A169 /* Frustrum.cpp */ = {isa = PBXFileReference; fileEncoding = 4; lastKnownFileType = sourcecode.cpp.cpp; path = Frustrum.cpp; sourceTree = "<group>"; };
		B21EE32B12B86C19006DA869 /* fragment.fs */ = {isa = PBXFileReference; explicitFileType = sourcecode.glsl; fileEncoding = 4; path = fragment.fs; sourceTree = "<group>"; };
		B21EE32D12B86C21006DA869 /* vertex.vs */ = {isa = PBXFileReference; explicitFileType = sourcecode.glsl; fileEncoding = 4; path = vertex.vs; sourceTree = "<group>"; };
		B221765C1474200B00E3C864 /* Matrix3.cpp */ = {isa = PBXFileReference; fileEncoding = 4; lastKnownFileType = sourcecode.cpp.cpp; path = Matrix3.cpp; sourceTree = "<group>"; };
		B25F04B012BAD6C900F7F16F /* Diffuse Map.jpeg */ = {isa = PBXFileReference; lastKnownFileType = image.jpeg; path = "Diffuse Map.jpeg"; sourceTree = "<group>"; };
		B25F04B112BAD6C900F7F16F /* Normal Map.jpeg */ = {isa = PBXFileReference; lastKnownFileType = image.jpeg; path = "Normal Map.jpeg"; sourceTree = "<group>"; };
		B27425AF1507CB4300714205 /* InputHandler.h */ = {isa = PBXFileReference; fileEncoding = 4; lastKnownFileType = sourcecode.c.h; path = InputHandler.h; sourceTree = "<group>"; };
		B27425B115093A7400714205 /* InputHandler.cpp */ = {isa = PBXFileReference; fileEncoding = 4; lastKnownFileType = sourcecode.cpp.cpp; path = InputHandler.cpp; sourceTree = "<group>"; };
		B287E62C1468C144003A7C73 /* Node.h */ = {isa = PBXFileReference; fileEncoding = 4; lastKnownFileType = sourcecode.c.h; path = Node.h; sourceTree = "<group>"; };
		B287E62E1469D57E003A7C73 /* Matrix4.cpp */ = {isa = PBXFileReference; fileEncoding = 4; lastKnownFileType = sourcecode.cpp.cpp; path = Matrix4.cpp; sourceTree = "<group>"; };
		B287E6301469D5FD003A7C73 /* Node.cpp */ = {isa = PBXFileReference; fileEncoding = 4; lastKnownFileType = sourcecode.cpp.cpp; path = Node.cpp; sourceTree = "<group>"; };
		B28A8FC612C286790013935B /* libGLEngine.dylib */ = {isa = PBXFileReference; explicitFileType = "compiled.mach-o.dylib"; includeInIndex = 0; path = libGLEngine.dylib; sourceTree = BUILT_PRODUCTS_DIR; };
		B28CF9D8145866F300FAD03D /* vertexMP.vs */ = {isa = PBXFileReference; fileEncoding = 4; lastKnownFileType = sourcecode.glsl; path = vertexMP.vs; sourceTree = "<group>"; xcLanguageSpecificationIdentifier = xcode.lang.glsl; };
		B28CF9DA1458676B00FAD03D /* fragmentMP.fs */ = {isa = PBXFileReference; fileEncoding = 4; lastKnownFileType = sourcecode.glsl; path = fragmentMP.fs; sourceTree = "<group>"; xcLanguageSpecificationIdentifier = xcode.lang.glsl; };
		B28F7AB5145B3335006F99EE /* motorcycleFairing2_5x.obj */ = {isa = PBXFileReference; fileEncoding = 4; lastKnownFileType = text; path = motorcycleFairing2_5x.obj; sourceTree = "<group>"; };
		B290E81614642F0600E559B2 /* SceneTree.h */ = {isa = PBXFileReference; fileEncoding = 4; lastKnownFileType = sourcecode.c.h; path = SceneTree.h; sourceTree = "<group>"; };
		B290E81814642F2800E559B2 /* Camera.h */ = {isa = PBXFileReference; fileEncoding = 4; lastKnownFileType = sourcecode.c.h; path = Camera.h; sourceTree = "<group>"; };
		B290E81A1464304700E559B2 /* SceneTree.cpp */ = {isa = PBXFileReference; fileEncoding = 4; lastKnownFileType = sourcecode.cpp.cpp; path = SceneTree.cpp; sourceTree = "<group>"; };
		B2A180801460EDB40094E14F /* tinystr.cpp */ = {isa = PBXFileReference; fileEncoding = 4; lastKnownFileType = sourcecode.cpp.cpp; name = tinystr.cpp; path = tinyxml/tinystr.cpp; sourceTree = "<group>"; };
		B2A180811460EDB40094E14F /* tinystr.h */ = {isa = PBXFileReference; fileEncoding = 4; lastKnownFileType = sourcecode.c.h; name = tinystr.h; path = tinyxml/tinystr.h; sourceTree = "<group>"; };
		B2A180821460EDB40094E14F /* tinyxml.cpp */ = {isa = PBXFileReference; fileEncoding = 4; lastKnownFileType = sourcecode.cpp.cpp; name = tinyxml.cpp; path = tinyxml/tinyxml.cpp; sourceTree = "<group>"; };
		B2A180831460EDB40094E14F /* tinyxml.h */ = {isa = PBXFileReference; fileEncoding = 4; lastKnownFileType = sourcecode.c.h; name = tinyxml.h; path = tinyxml/tinyxml.h; sourceTree = "<group>"; };
		B2A180841460EDB40094E14F /* tinyxmlerror.cpp */ = {isa = PBXFileReference; fileEncoding = 4; lastKnownFileType = sourcecode.cpp.cpp; name = tinyxmlerror.cpp; path = tinyxml/tinyxmlerror.cpp; sourceTree = "<group>"; };
		B2A180851460EDB40094E14F /* tinyxmlparser.cpp */ = {isa = PBXFileReference; fileEncoding = 4; lastKnownFileType = sourcecode.cpp.cpp; name = tinyxmlparser.cpp; path = tinyxml/tinyxmlparser.cpp; sourceTree = "<group>"; };
		B2A6BED4159E7A5500DE7AD3 /* myinputhandler.h */ = {isa = PBXFileReference; fileEncoding = 4; lastKnownFileType = sourcecode.c.h; path = myinputhandler.h; sourceTree = "<group>"; };
		B2A6BED5159E86D500DE7AD3 /* myinputhandler.cpp */ = {isa = PBXFileReference; fileEncoding = 4; lastKnownFileType = sourcecode.cpp.cpp; path = myinputhandler.cpp; sourceTree = "<group>"; };
		B2A6BED7159EB34F00DE7AD3 /* Vector3.h */ = {isa = PBXFileReference; fileEncoding = 4; lastKnownFileType = sourcecode.c.h; path = Vector3.h; sourceTree = "<group>"; };
		B2A6BEDA159EB3ED00DE7AD3 /* Vector3.cpp */ = {isa = PBXFileReference; fileEncoding = 4; lastKnownFileType = sourcecode.cpp.cpp; path = Vector3.cpp; sourceTree = "<group>"; };
		B2A6BEDC159EDEA600DE7AD3 /* File */ = {isa = PBXFileReference; lastKnownFileType = text; path = File; sourceTree = "<group>"; };
		B2A6BEDD159F371400DE7AD3 /* File1 */ = {isa = PBXFileReference; lastKnownFileType = text; path = File1; sourceTree = "<group>"; };
		B2A6BEDE159F39AE00DE7AD3 /* File3 */ = {isa = PBXFileReference; lastKnownFileType = text; path = File3; sourceTree = "<group>"; };
		B2C0F6AE12BF21A30098F2D1 /* EventListener.h */ = {isa = PBXFileReference; fileEncoding = 4; lastKnownFileType = sourcecode.c.h; path = EventListener.h; sourceTree = "<group>"; };
		B2C483601459F3A6008670F1 /* motorcycle2_5x.obj */ = {isa = PBXFileReference; fileEncoding = 4; lastKnownFileType = text; path = motorcycle2_5x.obj; sourceTree = "<group>"; };
		B2C48362145A032A008670F1 /* Object.cpp */ = {isa = PBXFileReference; fileEncoding = 4; lastKnownFileType = sourcecode.cpp.cpp; path = Object.cpp; sourceTree = "<group>"; };
		B2D960EA12B9A85F00F28F90 /* libfreeimage.a */ = {isa = PBXFileReference; lastKnownFileType = archive.ar; name = libfreeimage.a; path = /Users/robrau1/Desktop/Downloads/FreeImage/libfreeimage.a; sourceTree = "<absolute>"; };
		B2EA367C12B6CE950035E392 /* QtGLEngine.app */ = {isa = PBXFileReference; explicitFileType = wrapper.application; includeInIndex = 0; path = QtGLEngine.app; sourceTree = BUILT_PRODUCTS_DIR; wrapsLines = 0; };
		B2EA369C12B6CEDD0035E392 /* OpenGL.framework */ = {isa = PBXFileReference; lastKnownFileType = wrapper.framework; name = OpenGL.framework; path = /System/Library/Frameworks/OpenGL.framework; sourceTree = "<absolute>"; };
		B2EA3BE312B6D2B00035E392 /* Cocoa.framework */ = {isa = PBXFileReference; lastKnownFileType = wrapper.framework; name = Cocoa.framework; path = /System/Library/Frameworks/Cocoa.framework; sourceTree = "<absolute>"; };
		B2F346E0159A8A4200C852E5 /* app.h */ = {isa = PBXFileReference; fileEncoding = 4; lastKnownFileType = sourcecode.c.h; path = app.h; sourceTree = "<group>"; };
		B2F346E1159A8CCD00C852E5 /* app.cpp */ = {isa = PBXFileReference; fileEncoding = 4; lastKnownFileType = sourcecode.cpp.cpp; path = app.cpp; sourceTree = "<group>"; };
		BEA543A39567608D0CF5CF31 /* Object.h */ = {isa = PBXFileReference; lastKnownFileType = sourcecode.c.h; path = Object.h; sourceTree = "<group>"; };
/* End PBXFileReference section */

/* Begin PBXFrameworksBuildPhase section */
		2A1043669E6E5A7426EA502A /* Frameworks & Libraries */ = {
			isa = PBXFrameworksBuildPhase;
			buildActionMask = 2147483647;
			files = (
				B2EA369D12B6CEDD0035E392 /* OpenGL.framework in Frameworks & Libraries */,
				B2EA3BE412B6D2B00035E392 /* Cocoa.framework in Frameworks & Libraries */,
				B28A900A12C287170013935B /* libfreeimage.a in Frameworks & Libraries */,
				B28A901212C2874A0013935B /* libGLEngine.dylib in Frameworks & Libraries */,
			);
			name = "Frameworks & Libraries";
			runOnlyForDeploymentPostprocessing = 0;
		};
		B28A8FC412C286790013935B /* Frameworks */ = {
			isa = PBXFrameworksBuildPhase;
			buildActionMask = 2147483647;
			files = (
				B28A8FF512C2870D0013935B /* Cocoa.framework in Frameworks */,
				B28A900812C287120013935B /* OpenGL.framework in Frameworks */,
				B28A900912C287170013935B /* libfreeimage.a in Frameworks */,
			);
			runOnlyForDeploymentPostprocessing = 0;
		};
/* End PBXFrameworksBuildPhase section */

/* Begin PBXGroup section */
		05596AB53D8D521C69802C27 /* QtGLEngine */ = {
			isa = PBXGroup;
			children = (
				B2A6BEDC159EDEA600DE7AD3 /* File */,
				B2A6BEDD159F371400DE7AD3 /* File1 */,
				B2A6BEDE159F39AE00DE7AD3 /* File3 */,
				B2604F7412C463EA002ED600 /* App */,
				B2604F7212C463C1002ED600 /* Engine */,
				B2604F7312C463D5002ED600 /* Resources */,
				ED1E82605DD74B483AF3C982 /* External Frameworks and Libraries */,
				B2EA367D12B6CE950035E392 /* Products */,
			);
			name = QtGLEngine;
			sourceTree = "<group>";
		};
		883D7615C4D2DE3FA1218F12 /* Headers */ = {
			isa = PBXGroup;
			children = (
				BEA543A39567608D0CF5CF31 /* Object.h */,
				B290E81814642F2800E559B2 /* Camera.h */,
				2FF4AAED118E1624A4BE9216 /* canvas.h */,
				28537ECF3D595217F36783DF /* Core.h */,
				6DA18148AEF71BD8FF1F7AA3 /* cubeprimitive.h */,
				B20C044412B7D8E0008450C9 /* RenderWindow.h */,
				B20C044512B7D974008450C9 /* OSXRenderWindow.h */,
				B20C0B7F12B816BD008450C9 /* OpenGLView.h */,
				B2C0F6AE12BF21A30098F2D1 /* EventListener.h */,
				B290E81614642F0600E559B2 /* SceneTree.h */,
				B287E62C1468C144003A7C73 /* Node.h */,
				B21E21CF1464841900E76504 /* Matrix4.h */,
				B21E21D1146484A600E76504 /* Matrix3.h */,
				B21E2E1C150318030053A169 /* Frustrum.h */,
				B27425AF1507CB4300714205 /* InputHandler.h */,
				B2A6BED7159EB34F00DE7AD3 /* Vector3.h */,
			);
			name = Headers;
			sourceTree = "<group>";
		};
		B25F04B812BAD6CE00F7F16F /* Textures */ = {
			isa = PBXGroup;
			children = (
				B25F04B112BAD6C900F7F16F /* Normal Map.jpeg */,
				B25F04B012BAD6C900F7F16F /* Diffuse Map.jpeg */,
			);
			name = Textures;
			sourceTree = "<group>";
		};
		B2604F7212C463C1002ED600 /* Engine */ = {
			isa = PBXGroup;
			children = (
				B2A1807F1460ED920094E14F /* TinyXML */,
				883D7615C4D2DE3FA1218F12 /* Headers */,
				FB61758D0F0FDA4BA867C3D5 /* Sources */,
			);
			name = Engine;
			sourceTree = "<group>";
		};
		B2604F7312C463D5002ED600 /* Resources */ = {
			isa = PBXGroup;
			children = (
				B2C4835F1459F390008670F1 /* Models */,
				B2F2DFE812BA683900DA0BCC /* Shaders */,
				B25F04B812BAD6CE00F7F16F /* Textures */,
			);
			name = Resources;
			sourceTree = "<group>";
		};
		B2604F7412C463EA002ED600 /* App */ = {
			isa = PBXGroup;
			children = (
				B2604F7612C46402002ED600 /* Headers */,
				B2604F7512C463FD002ED600 /* Source */,
			);
			name = App;
			sourceTree = "<group>";
		};
		B2604F7512C463FD002ED600 /* Source */ = {
			isa = PBXGroup;
			children = (
				118FCBAABA162BA17933C789 /* main.cpp */,
				B2F346E1159A8CCD00C852E5 /* app.cpp */,
				B2A6BED5159E86D500DE7AD3 /* myinputhandler.cpp */,
			);
			name = Source;
			sourceTree = "<group>";
		};
		B2604F7612C46402002ED600 /* Headers */ = {
			isa = PBXGroup;
			children = (
				B2F346E0159A8A4200C852E5 /* app.h */,
				B2A6BED4159E7A5500DE7AD3 /* myinputhandler.h */,
			);
			name = Headers;
			sourceTree = "<group>";
		};
		B2A1807F1460ED920094E14F /* TinyXML */ = {
			isa = PBXGroup;
			children = (
				B2A180801460EDB40094E14F /* tinystr.cpp */,
				B2A180811460EDB40094E14F /* tinystr.h */,
				B2A180821460EDB40094E14F /* tinyxml.cpp */,
				B2A180831460EDB40094E14F /* tinyxml.h */,
				B2A180841460EDB40094E14F /* tinyxmlerror.cpp */,
				B2A180851460EDB40094E14F /* tinyxmlparser.cpp */,
			);
			name = TinyXML;
			sourceTree = "<group>";
		};
		B2C4835F1459F390008670F1 /* Models */ = {
			isa = PBXGroup;
			children = (
				B28F7AB5145B3335006F99EE /* motorcycleFairing2_5x.obj */,
				B2C483601459F3A6008670F1 /* motorcycle2_5x.obj */,
			);
			name = Models;
			sourceTree = "<group>";
		};
		B2EA367D12B6CE950035E392 /* Products */ = {
			isa = PBXGroup;
			children = (
				B2EA367C12B6CE950035E392 /* QtGLEngine.app */,
				B28A8FC612C286790013935B /* libGLEngine.dylib */,
			);
			name = Products;
			sourceTree = "<group>";
		};
		B2F2DFE812BA683900DA0BCC /* Shaders */ = {
			isa = PBXGroup;
			children = (
				B21EE32B12B86C19006DA869 /* fragment.fs */,
				B21EE32D12B86C21006DA869 /* vertex.vs */,
				B28CF9D8145866F300FAD03D /* vertexMP.vs */,
				B28CF9DA1458676B00FAD03D /* fragmentMP.fs */,
			);
			name = Shaders;
			sourceTree = "<group>";
		};
		ED1E82605DD74B483AF3C982 /* External Frameworks and Libraries */ = {
			isa = PBXGroup;
			children = (
				B2D960EA12B9A85F00F28F90 /* libfreeimage.a */,
				B2EA369C12B6CEDD0035E392 /* OpenGL.framework */,
				B2EA3BE312B6D2B00035E392 /* Cocoa.framework */,
			);
			name = "External Frameworks and Libraries";
			sourceTree = "<group>";
		};
		FB61758D0F0FDA4BA867C3D5 /* Sources */ = {
			isa = PBXGroup;
			children = (
				B2C48362145A032A008670F1 /* Object.cpp */,
				67381B0FA8EC4D70A8052D16 /* Camera.cpp */,
				AD28C147A9008FAEB5627B6E /* canvas.cpp */,
				74AC90F0AD1FC3DF3C4C1F33 /* Core.cpp */,
				58ACEA7F1D3CEA0B8947897E /* cubeprimitive.cpp */,
				B20C048D12B7E393008450C9 /* RenderWindow.cpp */,
				B20C046712B7DC52008450C9 /* OSXRenderWindow.mm */,
				B20C0B8012B8175E008450C9 /* OpenGLView.mm */,
				B290E81A1464304700E559B2 /* SceneTree.cpp */,
				B287E6301469D5FD003A7C73 /* Node.cpp */,
				B287E62E1469D57E003A7C73 /* Matrix4.cpp */,
				B221765C1474200B00E3C864 /* Matrix3.cpp */,
				B21E2E1E15031ACE0053A169 /* Frustrum.cpp */,
				B27425B115093A7400714205 /* InputHandler.cpp */,
				B2A6BEDA159EB3ED00DE7AD3 /* Vector3.cpp */,
			);
			name = Sources;
			sourceTree = "<group>";
		};
/* End PBXGroup section */

/* Begin PBXHeadersBuildPhase section */
		B28A8FC212C286790013935B /* Headers */ = {
			isa = PBXHeadersBuildPhase;
			buildActionMask = 2147483647;
			files = (
				B28A8FCB12C286900013935B /* canvas.h in Headers */,
				B28A8FCC12C286900013935B /* Core.h in Headers */,
				B28A8FCD12C286910013935B /* cubeprimitive.h in Headers */,
				B28A8FCE12C286910013935B /* Object.h in Headers */,
				B28A8FCF12C286910013935B /* RenderWindow.h in Headers */,
				B28A8FD012C286910013935B /* OSXRenderWindow.h in Headers */,
				B28A8FD112C286910013935B /* OpenGLView.h in Headers */,
				B28A8FD212C286910013935B /* EventListener.h in Headers */,
				B2A180871460EDB40094E14F /* tinystr.h in Headers */,
				B2A180891460EDB40094E14F /* tinyxml.h in Headers */,
				B290E81714642F0600E559B2 /* SceneTree.h in Headers */,
				B290E81914642F2800E559B2 /* Camera.h in Headers */,
				B21E21D01464841900E76504 /* Matrix4.h in Headers */,
				B21E21D2146484A600E76504 /* Matrix3.h in Headers */,
				B287E62D1468C144003A7C73 /* Node.h in Headers */,
				B21E2E1D150318030053A169 /* Frustrum.h in Headers */,
				B27425B01507CB4300714205 /* InputHandler.h in Headers */,
				B2A6BED8159EB34F00DE7AD3 /* Vector3.h in Headers */,
			);
			runOnlyForDeploymentPostprocessing = 0;
		};
/* End PBXHeadersBuildPhase section */

/* Begin PBXNativeTarget section */
		1BB0555278B18936C1AA25A4 /* QtGLEngine */ = {
			isa = PBXNativeTarget;
			buildConfigurationList = B2EA368F12B6CEB40035E392 /* Build configuration list for PBXNativeTarget "QtGLEngine" */;
			buildPhases = (
				F6069D5A5DA8AA28EDB8B3C6 /* Project Copy */,
				C29B8785722055ED95EF7B57 /* Build Sources */,
				2A1043669E6E5A7426EA502A /* Frameworks & Libraries */,
				3787F99312C85FF0073FD7BA /* Bundle Resources */,
			);
			buildRules = (
			);
			dependencies = (
			);
			name = QtGLEngine;
			productName = QtGLEngine;
			productReference = B2EA367C12B6CE950035E392 /* QtGLEngine.app */;
			productType = "com.apple.product-type.application";
		};
		B28A8FC512C286790013935B /* GLEngine */ = {
			isa = PBXNativeTarget;
			buildConfigurationList = B28A8FEF12C286BB0013935B /* Build configuration list for PBXNativeTarget "GLEngine" */;
			buildPhases = (
				B28A8FC212C286790013935B /* Headers */,
				B28A8FC312C286790013935B /* Sources */,
				B28A8FC412C286790013935B /* Frameworks */,
			);
			buildRules = (
			);
			dependencies = (
			);
			name = GLEngine;
			productName = GLEngine;
			productReference = B28A8FC612C286790013935B /* libGLEngine.dylib */;
			productType = "com.apple.product-type.library.dynamic";
		};
/* End PBXNativeTarget section */

/* Begin PBXProject section */
		91B15E841AA80083484172DE /* Project object */ = {
			isa = PBXProject;
			attributes = {
				LastUpgradeCheck = 0420;
			};
			buildConfigurationList = 2A951308CDB28F104D0A4BD2 /* Build configuration list for PBXProject "QtGLEngine" */;
			compatibilityVersion = "Xcode 3.2";
			developmentRegion = English;
			hasScannedForEncodings = 1;
			knownRegions = (
				English,
				Japanese,
				French,
				German,
			);
			mainGroup = 05596AB53D8D521C69802C27 /* QtGLEngine */;
			productRefGroup = B2EA367D12B6CE950035E392 /* Products */;
			projectDirPath = "";
			projectRoot = /Users/robrau1/Documents/RTSEngine;
			targets = (
				1BB0555278B18936C1AA25A4 /* QtGLEngine */,
				B28A8FC512C286790013935B /* GLEngine */,
			);
		};
/* End PBXProject section */

/* Begin PBXResourcesBuildPhase section */
		3787F99312C85FF0073FD7BA /* Bundle Resources */ = {
			isa = PBXResourcesBuildPhase;
			buildActionMask = 2147483647;
			files = (
				B28CF9DC1458694F00FAD03D /* fragmentMP.fs in Bundle Resources */,
				B21EE32C12B86C19006DA869 /* fragment.fs in Bundle Resources */,
				B21EE32E12B86C21006DA869 /* vertex.vs in Bundle Resources */,
				B25F04B212BAD6C900F7F16F /* Diffuse Map.jpeg in Bundle Resources */,
				B25F04B312BAD6C900F7F16F /* Normal Map.jpeg in Bundle Resources */,
				B28CF9D9145866F300FAD03D /* vertexMP.vs in Bundle Resources */,
				B2C483611459F3A6008670F1 /* motorcycle2_5x.obj in Bundle Resources */,
				B28F7AB6145B3335006F99EE /* motorcycleFairing2_5x.obj in Bundle Resources */,
			);
			name = "Bundle Resources";
			runOnlyForDeploymentPostprocessing = 0;
		};
/* End PBXResourcesBuildPhase section */

/* Begin PBXSourcesBuildPhase section */
		B28A8FC312C286790013935B /* Sources */ = {
			isa = PBXSourcesBuildPhase;
			buildActionMask = 2147483647;
			files = (
				B28A8FD412C286A30013935B /* Camera.cpp in Sources */,
				B28A8FD512C286A30013935B /* canvas.cpp in Sources */,
				B28A8FD612C286A30013935B /* Core.cpp in Sources */,
				B28A8FD712C286A30013935B /* cubeprimitive.cpp in Sources */,
				B28A8FD812C286A30013935B /* RenderWindow.cpp in Sources */,
				B28A8FD912C286A30013935B /* OSXRenderWindow.mm in Sources */,
				B28A8FDA12C286A30013935B /* OpenGLView.mm in Sources */,
				B2C48363145A032A008670F1 /* Object.cpp in Sources */,
				B2A180861460EDB40094E14F /* tinystr.cpp in Sources */,
				B2A180881460EDB40094E14F /* tinyxml.cpp in Sources */,
				B2A1808A1460EDB40094E14F /* tinyxmlerror.cpp in Sources */,
				B2A1808B1460EDB40094E14F /* tinyxmlparser.cpp in Sources */,
				B290E81B1464304700E559B2 /* SceneTree.cpp in Sources */,
				B287E62F1469D57E003A7C73 /* Matrix4.cpp in Sources */,
				B287E6311469D5FD003A7C73 /* Node.cpp in Sources */,
				B221765D1474200B00E3C864 /* Matrix3.cpp in Sources */,
				B21E2E1F15031ACE0053A169 /* Frustrum.cpp in Sources */,
				B27425B215093A7400714205 /* InputHandler.cpp in Sources */,
				B2A6BEDB159EB3EE00DE7AD3 /* Vector3.cpp in Sources */,
			);
			runOnlyForDeploymentPostprocessing = 0;
		};
		C29B8785722055ED95EF7B57 /* Build Sources */ = {
			isa = PBXSourcesBuildPhase;
			buildActionMask = 2147483647;
			files = (
				B28A900F12C287370013935B /* main.cpp in Build Sources */,
				B28CF9DB1458676B00FAD03D /* fragmentMP.fs in Build Sources */,
				B2F346E2159A8CCD00C852E5 /* app.cpp in Build Sources */,
				B2A6BED6159E86D500DE7AD3 /* myinputhandler.cpp in Build Sources */,
			);
			name = "Build Sources";
			runOnlyForDeploymentPostprocessing = 0;
		};
/* End PBXSourcesBuildPhase section */

/* Begin XCBuildConfiguration section */
		8DB1DD96F65B1BF1FFC506E0 /* Debug */ = {
			isa = XCBuildConfiguration;
			buildSettings = {
				COPY_PHASE_STRIP = NO;
				GCC_GENERATE_DEBUGGING_SYMBOLS = YES;
				GCC_OPTIMIZATION_LEVEL = 0;
				HEADER_SEARCH_PATHS = /Users/robrau1/Desktop/Downloads/FreeImage/Source;
			};
			name = Debug;
		};
		95E1EB2E5DDD587BE5B3E548 /* Release */ = {
			isa = XCBuildConfiguration;
			buildSettings = {
				COPY_PHASE_STRIP = YES;
				GCC_GENERATE_DEBUGGING_SYMBOLS = NO;
			};
			name = Release;
		};
		B28A8FC712C2867A0013935B /* Debug */ = {
			isa = XCBuildConfiguration;
			buildSettings = {
				ALWAYS_SEARCH_USER_PATHS = NO;
				COPY_PHASE_STRIP = NO;
				EXECUTABLE_PREFIX = lib;
				GCC_DYNAMIC_NO_PIC = NO;
				GCC_MODEL_TUNING = G5;
				GCC_OPTIMIZATION_LEVEL = 0;
				GCC_REUSE_STRINGS = NO;
				GCC_VERSION = "";
				INSTALL_PATH = /usr/local/lib;
				LIBRARY_SEARCH_PATHS = (
					"$(inherited)",
					"$(LIBRARY_SEARCH_PATHS_QUOTED_FOR_TARGET_1)",
				);
				LIBRARY_SEARCH_PATHS_QUOTED_FOR_TARGET_1 = "\"$(SRCROOT)/../../../../../Desktop/Downloads/FreeImage\"";
				MACH_O_TYPE = mh_dylib;
				PRODUCT_NAME = GLEngine;
				SDKROOT = macosx10.7;
			};
			name = Debug;
		};
		B28A8FC812C2867A0013935B /* Release */ = {
			isa = XCBuildConfiguration;
			buildSettings = {
				ALWAYS_SEARCH_USER_PATHS = NO;
				COPY_PHASE_STRIP = YES;
				DEBUG_INFORMATION_FORMAT = "dwarf-with-dsym";
				EXECUTABLE_PREFIX = lib;
				GCC_MODEL_TUNING = G5;
				GCC_REUSE_STRINGS = NO;
				GCC_VERSION = "";
				INSTALL_PATH = /usr/local/lib;
				LIBRARY_SEARCH_PATHS = (
					"$(inherited)",
					"$(LIBRARY_SEARCH_PATHS_QUOTED_FOR_TARGET_1)",
				);
				LIBRARY_SEARCH_PATHS_QUOTED_FOR_TARGET_1 = "\"$(SRCROOT)/../../../../../Desktop/Downloads/FreeImage\"";
				MACH_O_TYPE = mh_dylib;
				PRODUCT_NAME = GLEngine;
				SDKROOT = macosx10.7;
				ZERO_LINK = NO;
			};
			name = Release;
		};
		B2EA368912B6CE960035E392 /* Debug */ = {
			isa = XCBuildConfiguration;
			buildSettings = {
				BUILD_ROOT = /Users/robrau1/Documents/RTSEngine/trunk/Engine/QtGLEngine;
				COPY_PHASE_STRIP = NO;
				DYLIB_COMPATIBILITY_VERSION = 1.0;
				DYLIB_CURRENT_VERSION = 1.0.0;
				GCC_GENERATE_DEBUGGING_SYMBOLS = YES;
				GCC_OPTIMIZATION_LEVEL = 0;
				GCC_VERSION = "";
				HEADER_SEARCH_PATHS = (
					/usr/include,
					.,
					.,
					.,
					/usr/local/include,
					/System/Library/Frameworks/CarbonCore.framework/Headers,
				);
				INFOPLIST_FILE = Info.plist;
				LEXFLAGS = "";
				LIBRARY_SEARCH_PATHS = (
					/Library/Frameworks,
					"$(LIBRARY_SEARCH_PATHS_QUOTED_FOR_TARGET_1)",
					"$(LIBRARY_SEARCH_PATHS_QUOTED_FOR_TARGET_2)",
				);
				LIBRARY_SEARCH_PATHS_QUOTED_FOR_TARGET_1 = "\"$(SRCROOT)/../../../../../Desktop/Downloads/FreeImage\"";
				LIBRARY_SEARCH_PATHS_QUOTED_FOR_TARGET_2 = "\"$(SRCROOT)/../../../../../Desktop/Downloads/FreeImage\"";
				MACOSX_DEPLOYMENT_TARGET = 10.7;
				OTHER_CFLAGS = (
					"-pipe",
					"-g",
					"-Wall",
					"-W",
					"-FREEIMAGE_LIB",
				);
				OTHER_CPLUSPLUSFLAGS = (
					"-pipe",
					"-g",
					"-Wall",
					"-W",
					"-FREEIMAGE_LIB",
				);
				OTHER_LDFLAGS = (
					"-headerpad_max_install_names",
					"-L/Library/Frameworks",
					"-F/Library/Frameworks",
				);
				OTHER_REZFLAGS = "";
				PRODUCT_NAME = QtGLEngine;
				SECTORDER_FLAGS = "";
				WARNING_CFLAGS = "";
				YACCFLAGS = "-d";
			};
			name = Debug;
		};
		B2EA368A12B6CE960035E392 /* Release */ = {
			isa = XCBuildConfiguration;
			buildSettings = {
				BUILD_ROOT = /Users/robrau1/Documents/RTSEngine/trunk/Engine/QtGLEngine;
				COPY_PHASE_STRIP = YES;
				DYLIB_COMPATIBILITY_VERSION = 1.0;
				DYLIB_CURRENT_VERSION = 1.0.0;
				GCC_GENERATE_DEBUGGING_SYMBOLS = NO;
				GCC_VERSION = "";
				HEADER_SEARCH_PATHS = (
					/usr/include,
					.,
					.,
					.,
					/usr/local/include,
					/System/Library/Frameworks/CarbonCore.framework/Headers,
				);
				INFOPLIST_FILE = Info.plist;
				LEXFLAGS = "";
				LIBRARY_SEARCH_PATHS = (
					/Library/Frameworks,
					"$(LIBRARY_SEARCH_PATHS_QUOTED_FOR_TARGET_1)",
					"$(LIBRARY_SEARCH_PATHS_QUOTED_FOR_TARGET_2)",
				);
				LIBRARY_SEARCH_PATHS_QUOTED_FOR_TARGET_1 = "\"$(SRCROOT)/../../../../../Desktop/Downloads/FreeImage\"";
				LIBRARY_SEARCH_PATHS_QUOTED_FOR_TARGET_2 = "\"$(SRCROOT)/../../../../../Desktop/Downloads/FreeImage\"";
				MACOSX_DEPLOYMENT_TARGET = 10.7;
				OTHER_CFLAGS = (
					"-pipe",
					"-g",
					"-Wall",
					"-W",
					"-FREEIMAGE_LIB",
				);
				OTHER_CPLUSPLUSFLAGS = (
					"-pipe",
					"-g",
					"-Wall",
					"-W",
					"-FREEIMAGE_LIB",
				);
				OTHER_LDFLAGS = (
					"-headerpad_max_install_names",
					"-L/Library/Frameworks",
					"-F/Library/Frameworks",
				);
				OTHER_REZFLAGS = "";
				PRODUCT_NAME = QtGLEngine;
				SECTORDER_FLAGS = "";
				WARNING_CFLAGS = "";
				YACCFLAGS = "-d";
			};
			name = Release;
		};
		B2EA368B12B6CE960035E392 /* Default */ = {
			isa = XCBuildConfiguration;
			buildSettings = {
				BUILD_ROOT = /Users/robrau1/Documents/RTSEngine/trunk/Engine/QtGLEngine;
				DYLIB_COMPATIBILITY_VERSION = 1.0;
				DYLIB_CURRENT_VERSION = 1.0.0;
				GCC_VERSION = "";
				HEADER_SEARCH_PATHS = (
					/Library/Frameworks/QtCore.framework/Versions/4/Headers,
					/usr/include/QtCore,
					/Library/Frameworks/QtGui.framework/Versions/4/Headers,
					/usr/include/QtGui,
					/usr/include,
					.,
					.,
					.,
					/usr/local/include,
					/System/Library/Frameworks/CarbonCore.framework/Headers,
					"/usr/local/Qt4.7/mkspecs/macx-xcode",
				);
				INFOPLIST_FILE = Info.plist;
				LEXFLAGS = "";
				LIBRARY_SEARCH_PATHS = (
					/Library/Frameworks,
					"/tmp/qt-stuff-6474/source/qt-everywhere-opensource-src-4.7.0/lib",
					"$(LIBRARY_SEARCH_PATHS_QUOTED_FOR_TARGET_1)",
					"$(LIBRARY_SEARCH_PATHS_QUOTED_FOR_TARGET_2)",
				);
				LIBRARY_SEARCH_PATHS_QUOTED_FOR_TARGET_1 = "\"$(SRCROOT)/../../../../../Desktop/Downloads/FreeImage\"";
				LIBRARY_SEARCH_PATHS_QUOTED_FOR_TARGET_2 = "\"$(SRCROOT)/../../../../../Desktop/Downloads/FreeImage\"";
				MACOSX_DEPLOYMENT_TARGET = 10.7;
				OTHER_CFLAGS = (
					"-pipe",
					"-g",
					"-Wall",
					"-W",
					"-DQT_GUI_LIB",
					"-DQT_CORE_LIB",
					"-DQT_SHARED",
				);
				OTHER_CPLUSPLUSFLAGS = (
					"-pipe",
					"-g",
					"-Wall",
					"-W",
					"-DQT_GUI_LIB",
					"-DQT_CORE_LIB",
					"-DQT_SHARED",
				);
				OTHER_LDFLAGS = (
					"-headerpad_max_install_names",
					"-L/Library/Frameworks",
					"-F/Library/Frameworks",
					"-L/tmp/qt-stuff-6474/source/qt-everywhere-opensource-src-4.7.0/lib",
					"-F/tmp/qt-stuff-6474/source/qt-everywhere-opensource-src-4.7.0/lib",
				);
				OTHER_REZFLAGS = "";
				PRODUCT_NAME = QtGLEngine;
				SECTORDER_FLAGS = "";
				WARNING_CFLAGS = "";
				YACCFLAGS = "-d";
			};
			name = Default;
		};
/* End XCBuildConfiguration section */

/* Begin XCConfigurationList section */
		2A951308CDB28F104D0A4BD2 /* Build configuration list for PBXProject "QtGLEngine" */ = {
			isa = XCConfigurationList;
			buildConfigurations = (
				8DB1DD96F65B1BF1FFC506E0 /* Debug */,
				95E1EB2E5DDD587BE5B3E548 /* Release */,
			);
			defaultConfigurationIsVisible = 0;
			defaultConfigurationName = Release;
		};
		B28A8FEF12C286BB0013935B /* Build configuration list for PBXNativeTarget "GLEngine" */ = {
			isa = XCConfigurationList;
			buildConfigurations = (
				B28A8FC712C2867A0013935B /* Debug */,
				B28A8FC812C2867A0013935B /* Release */,
			);
			defaultConfigurationIsVisible = 0;
			defaultConfigurationName = Release;
		};
		B2EA368F12B6CEB40035E392 /* Build configuration list for PBXNativeTarget "QtGLEngine" */ = {
			isa = XCConfigurationList;
			buildConfigurations = (
				B2EA368912B6CE960035E392 /* Debug */,
				B2EA368A12B6CE960035E392 /* Release */,
				B2EA368B12B6CE960035E392 /* Default */,
			);
			defaultConfigurationIsVisible = 0;
			defaultConfigurationName = Default;
		};
/* End XCConfigurationList section */
	};
	rootObject = 91B15E841AA80083484172DE /* Project object */;
}
