// !$*UTF8*$!
{
	archiveVersion = 1;
	classes = {
	};
	objectVersion = 46;
	objects = {

/* Begin PBXBuildFile section */
		39CBCDB11998233F0011F12D /* OpenGL.framework in Frameworks */ = {isa = PBXBuildFile; fileRef = B27F497E16D1C285005F474E /* OpenGL.framework */; };
		39CBCDB2199823530011F12D /* Cocoa.framework in Frameworks */ = {isa = PBXBuildFile; fileRef = B27F495916D1C22A005F474E /* Cocoa.framework */; };
		B225865A16D1CF2F0056C5E9 /* app.cpp in Sources */ = {isa = PBXBuildFile; fileRef = B225865716D1CF2F0056C5E9 /* app.cpp */; };
		B225865B16D1CF2F0056C5E9 /* main.cpp in Sources */ = {isa = PBXBuildFile; fileRef = B225865816D1CF2F0056C5E9 /* main.cpp */; };
		B225865C16D1CF2F0056C5E9 /* myinputhandler.cpp in Sources */ = {isa = PBXBuildFile; fileRef = B225865916D1CF2F0056C5E9 /* myinputhandler.cpp */; };
		B225866316D1CF420056C5E9 /* Credits.rtf in Resources */ = {isa = PBXBuildFile; fileRef = B225865F16D1CF420056C5E9 /* Credits.rtf */; };
		B225866416D1CF420056C5E9 /* InfoPlist.strings in Resources */ = {isa = PBXBuildFile; fileRef = B225866116D1CF420056C5E9 /* InfoPlist.strings */; };
		B225867316D1CF5D0056C5E9 /* Camera.cpp in Sources */ = {isa = PBXBuildFile; fileRef = B225866516D1CF5D0056C5E9 /* Camera.cpp */; };
		B225867416D1CF5D0056C5E9 /* canvas.cpp in Sources */ = {isa = PBXBuildFile; fileRef = B225866616D1CF5D0056C5E9 /* canvas.cpp */; };
		B225867516D1CF5D0056C5E9 /* Core.cpp in Sources */ = {isa = PBXBuildFile; fileRef = B225866716D1CF5D0056C5E9 /* Core.cpp */; };
		B225867616D1CF5D0056C5E9 /* cubeprimitive.cpp in Sources */ = {isa = PBXBuildFile; fileRef = B225866816D1CF5D0056C5E9 /* cubeprimitive.cpp */; };
		B225867716D1CF5D0056C5E9 /* Frustrum.cpp in Sources */ = {isa = PBXBuildFile; fileRef = B225866916D1CF5D0056C5E9 /* Frustrum.cpp */; };
		B225867816D1CF5D0056C5E9 /* InputHandler.cpp in Sources */ = {isa = PBXBuildFile; fileRef = B225866A16D1CF5D0056C5E9 /* InputHandler.cpp */; };
		B225867916D1CF5D0056C5E9 /* Matrix3.cpp in Sources */ = {isa = PBXBuildFile; fileRef = B225866B16D1CF5D0056C5E9 /* Matrix3.cpp */; };
		B225867A16D1CF5D0056C5E9 /* Matrix4.cpp in Sources */ = {isa = PBXBuildFile; fileRef = B225866C16D1CF5D0056C5E9 /* Matrix4.cpp */; };
		B225867B16D1CF5D0056C5E9 /* moc_canvas.cpp in Sources */ = {isa = PBXBuildFile; fileRef = B225866D16D1CF5D0056C5E9 /* moc_canvas.cpp */; };
		B225867C16D1CF5D0056C5E9 /* Node.cpp in Sources */ = {isa = PBXBuildFile; fileRef = B225866E16D1CF5D0056C5E9 /* Node.cpp */; };
		B225867D16D1CF5D0056C5E9 /* Object.cpp in Sources */ = {isa = PBXBuildFile; fileRef = B225866F16D1CF5D0056C5E9 /* Object.cpp */; };
		B225867E16D1CF5D0056C5E9 /* RenderWindow.cpp in Sources */ = {isa = PBXBuildFile; fileRef = B225867016D1CF5D0056C5E9 /* RenderWindow.cpp */; };
		B225867F16D1CF5D0056C5E9 /* SceneTree.cpp in Sources */ = {isa = PBXBuildFile; fileRef = B225867116D1CF5D0056C5E9 /* SceneTree.cpp */; };
		B225868016D1CF5D0056C5E9 /* Vector3.cpp in Sources */ = {isa = PBXBuildFile; fileRef = B225867216D1CF5D0056C5E9 /* Vector3.cpp */; };
		B225868316D1CF6D0056C5E9 /* OpenGLView.mm in Sources */ = {isa = PBXBuildFile; fileRef = B225868116D1CF6D0056C5E9 /* OpenGLView.mm */; };
		B225868416D1CF6D0056C5E9 /* OSXRenderWindow.mm in Sources */ = {isa = PBXBuildFile; fileRef = B225868216D1CF6D0056C5E9 /* OSXRenderWindow.mm */; };
		B225869316D1CF7F0056C5E9 /* Camera.h in Headers */ = {isa = PBXBuildFile; fileRef = B225868516D1CF7F0056C5E9 /* Camera.h */; };
		B225869516D1CF7F0056C5E9 /* Core.h in Headers */ = {isa = PBXBuildFile; fileRef = B225868716D1CF7F0056C5E9 /* Core.h */; };
		B225869616D1CF7F0056C5E9 /* cubeprimitive.h in Headers */ = {isa = PBXBuildFile; fileRef = B225868816D1CF7F0056C5E9 /* cubeprimitive.h */; };
		B225869716D1CF7F0056C5E9 /* EventListener.h in Headers */ = {isa = PBXBuildFile; fileRef = B225868916D1CF7F0056C5E9 /* EventListener.h */; };
		B225869816D1CF7F0056C5E9 /* Frustrum.h in Headers */ = {isa = PBXBuildFile; fileRef = B225868A16D1CF7F0056C5E9 /* Frustrum.h */; };
		B225869916D1CF7F0056C5E9 /* InputHandler.h in Headers */ = {isa = PBXBuildFile; fileRef = B225868B16D1CF7F0056C5E9 /* InputHandler.h */; };
		B225869A16D1CF7F0056C5E9 /* Matrix3.h in Headers */ = {isa = PBXBuildFile; fileRef = B225868C16D1CF7F0056C5E9 /* Matrix3.h */; };
		B225869B16D1CF7F0056C5E9 /* Matrix4.h in Headers */ = {isa = PBXBuildFile; fileRef = B225868D16D1CF7F0056C5E9 /* Matrix4.h */; };
		B225869C16D1CF7F0056C5E9 /* Node.h in Headers */ = {isa = PBXBuildFile; fileRef = B225868E16D1CF7F0056C5E9 /* Node.h */; };
		B225869D16D1CF7F0056C5E9 /* Object.h in Headers */ = {isa = PBXBuildFile; fileRef = B225868F16D1CF7F0056C5E9 /* Object.h */; };
		B225869E16D1CF7F0056C5E9 /* RenderWindow.h in Headers */ = {isa = PBXBuildFile; fileRef = B225869016D1CF7F0056C5E9 /* RenderWindow.h */; };
		B225869F16D1CF7F0056C5E9 /* SceneTree.h in Headers */ = {isa = PBXBuildFile; fileRef = B225869116D1CF7F0056C5E9 /* SceneTree.h */; };
		B22586A016D1CF7F0056C5E9 /* Vector3.h in Headers */ = {isa = PBXBuildFile; fileRef = B225869216D1CF7F0056C5E9 /* Vector3.h */; };
		B22586A316D1CF8A0056C5E9 /* OpenGLView.h in Headers */ = {isa = PBXBuildFile; fileRef = B22586A116D1CF8A0056C5E9 /* OpenGLView.h */; };
		B22586A416D1CF8A0056C5E9 /* OSXRenderWindow.h in Headers */ = {isa = PBXBuildFile; fileRef = B22586A216D1CF8A0056C5E9 /* OSXRenderWindow.h */; };
		B22586A916D1CFA50056C5E9 /* tinystr.cpp in Sources */ = {isa = PBXBuildFile; fileRef = B22586A516D1CFA50056C5E9 /* tinystr.cpp */; };
		B22586AA16D1CFA50056C5E9 /* tinyxml.cpp in Sources */ = {isa = PBXBuildFile; fileRef = B22586A616D1CFA50056C5E9 /* tinyxml.cpp */; };
		B22586AB16D1CFA50056C5E9 /* tinyxmlerror.cpp in Sources */ = {isa = PBXBuildFile; fileRef = B22586A716D1CFA50056C5E9 /* tinyxmlerror.cpp */; };
		B22586AC16D1CFA50056C5E9 /* tinyxmlparser.cpp in Sources */ = {isa = PBXBuildFile; fileRef = B22586A816D1CFA50056C5E9 /* tinyxmlparser.cpp */; };
		B22586AF16D1CFB80056C5E9 /* tinystr.h in Headers */ = {isa = PBXBuildFile; fileRef = B22586AD16D1CFB80056C5E9 /* tinystr.h */; };
		B22586B016D1CFB80056C5E9 /* tinyxml.h in Headers */ = {isa = PBXBuildFile; fileRef = B22586AE16D1CFB80056C5E9 /* tinyxml.h */; };
		B22586B816D1D0070056C5E9 /* GLEngine-Prefix.pch in Headers */ = {isa = PBXBuildFile; fileRef = B22586B716D1D0070056C5E9 /* GLEngine-Prefix.pch */; };
		B22586B916D1D0320056C5E9 /* fragmentMP.fs in Resources */ = {isa = PBXBuildFile; fileRef = B22586B116D1CFCC0056C5E9 /* fragmentMP.fs */; };
		B22586BA16D1D0320056C5E9 /* vertexMP.vs in Resources */ = {isa = PBXBuildFile; fileRef = B22586B216D1CFCC0056C5E9 /* vertexMP.vs */; };
		B27F495A16D1C22A005F474E /* Cocoa.framework in Frameworks */ = {isa = PBXBuildFile; fileRef = B27F495916D1C22A005F474E /* Cocoa.framework */; };
		B27F497F16D1C285005F474E /* OpenGL.framework in Frameworks */ = {isa = PBXBuildFile; fileRef = B27F497E16D1C285005F474E /* OpenGL.framework */; };
		B27F498116D1C4CA005F474E /* libfreeimage-3.14.1.dylib in Frameworks */ = {isa = PBXBuildFile; fileRef = B27F498016D1C4CA005F474E /* libfreeimage-3.14.1.dylib */; };
		B27F498216D1C4FE005F474E /* GLEngine.dylib in Frameworks */ = {isa = PBXBuildFile; fileRef = B27F490116D1C19F005F474E /* GLEngine.dylib */; };
		B27F498716D1C633005F474E /* libfreeimage-3.14.1.dylib in Frameworks */ = {isa = PBXBuildFile; fileRef = B27F498016D1C4CA005F474E /* libfreeimage-3.14.1.dylib */; };
		B27F499916D1C94C005F474E /* libfreeimage-3.14.1.dylib in Resources */ = {isa = PBXBuildFile; fileRef = B27F498016D1C4CA005F474E /* libfreeimage-3.14.1.dylib */; };
/* End PBXBuildFile section */

/* Begin PBXContainerItemProxy section */
		B27F498316D1C601005F474E /* PBXContainerItemProxy */ = {
			isa = PBXContainerItemProxy;
			containerPortal = B27F48F916D1C19F005F474E /* Project object */;
			proxyType = 1;
			remoteGlobalIDString = B27F490016D1C19F005F474E;
			remoteInfo = GLEngine;
		};
/* End PBXContainerItemProxy section */

/* Begin PBXFileReference section */
		B225865516D1CF220056C5E9 /* app.h */ = {isa = PBXFileReference; fileEncoding = 4; lastKnownFileType = sourcecode.c.h; name = app.h; path = include/app.h; sourceTree = "<group>"; };
		B225865616D1CF220056C5E9 /* myinputhandler.h */ = {isa = PBXFileReference; fileEncoding = 4; lastKnownFileType = sourcecode.c.h; name = myinputhandler.h; path = include/myinputhandler.h; sourceTree = "<group>"; };
		B225865716D1CF2F0056C5E9 /* app.cpp */ = {isa = PBXFileReference; fileEncoding = 4; lastKnownFileType = sourcecode.cpp.cpp; name = app.cpp; path = src/app.cpp; sourceTree = "<group>"; };
		B225865816D1CF2F0056C5E9 /* main.cpp */ = {isa = PBXFileReference; fileEncoding = 4; lastKnownFileType = sourcecode.cpp.cpp; name = main.cpp; path = src/main.cpp; sourceTree = "<group>"; };
		B225865916D1CF2F0056C5E9 /* myinputhandler.cpp */ = {isa = PBXFileReference; fileEncoding = 4; lastKnownFileType = sourcecode.cpp.cpp; name = myinputhandler.cpp; path = src/myinputhandler.cpp; sourceTree = "<group>"; };
		B225865D16D1CF3A0056C5E9 /* TestApp-Info.plist */ = {isa = PBXFileReference; fileEncoding = 4; lastKnownFileType = text.plist.xml; path = "TestApp-Info.plist"; sourceTree = "<group>"; };
		B225866016D1CF420056C5E9 /* en */ = {isa = PBXFileReference; lastKnownFileType = text.rtf; name = en; path = en.lproj/Credits.rtf; sourceTree = "<group>"; };
		B225866216D1CF420056C5E9 /* en */ = {isa = PBXFileReference; lastKnownFileType = text.plist.strings; name = en; path = en.lproj/InfoPlist.strings; sourceTree = "<group>"; };
		B225866516D1CF5D0056C5E9 /* Camera.cpp */ = {isa = PBXFileReference; fileEncoding = 4; lastKnownFileType = sourcecode.cpp.cpp; name = Camera.cpp; path = GLEngine/src/Camera.cpp; sourceTree = SOURCE_ROOT; };
		B225866616D1CF5D0056C5E9 /* canvas.cpp */ = {isa = PBXFileReference; fileEncoding = 4; lastKnownFileType = sourcecode.cpp.cpp; name = canvas.cpp; path = GLEngine/src/canvas.cpp; sourceTree = SOURCE_ROOT; };
		B225866716D1CF5D0056C5E9 /* Core.cpp */ = {isa = PBXFileReference; fileEncoding = 4; lastKnownFileType = sourcecode.cpp.cpp; name = Core.cpp; path = GLEngine/src/Core.cpp; sourceTree = SOURCE_ROOT; };
		B225866816D1CF5D0056C5E9 /* cubeprimitive.cpp */ = {isa = PBXFileReference; fileEncoding = 4; lastKnownFileType = sourcecode.cpp.cpp; name = cubeprimitive.cpp; path = GLEngine/src/cubeprimitive.cpp; sourceTree = SOURCE_ROOT; };
		B225866916D1CF5D0056C5E9 /* Frustrum.cpp */ = {isa = PBXFileReference; fileEncoding = 4; lastKnownFileType = sourcecode.cpp.cpp; name = Frustrum.cpp; path = GLEngine/src/Frustrum.cpp; sourceTree = SOURCE_ROOT; };
		B225866A16D1CF5D0056C5E9 /* InputHandler.cpp */ = {isa = PBXFileReference; fileEncoding = 4; lastKnownFileType = sourcecode.cpp.cpp; name = InputHandler.cpp; path = GLEngine/src/InputHandler.cpp; sourceTree = SOURCE_ROOT; };
		B225866B16D1CF5D0056C5E9 /* Matrix3.cpp */ = {isa = PBXFileReference; fileEncoding = 4; lastKnownFileType = sourcecode.cpp.cpp; name = Matrix3.cpp; path = GLEngine/src/Matrix3.cpp; sourceTree = SOURCE_ROOT; };
		B225866C16D1CF5D0056C5E9 /* Matrix4.cpp */ = {isa = PBXFileReference; fileEncoding = 4; lastKnownFileType = sourcecode.cpp.cpp; name = Matrix4.cpp; path = GLEngine/src/Matrix4.cpp; sourceTree = SOURCE_ROOT; };
		B225866D16D1CF5D0056C5E9 /* moc_canvas.cpp */ = {isa = PBXFileReference; fileEncoding = 4; lastKnownFileType = sourcecode.cpp.cpp; name = moc_canvas.cpp; path = GLEngine/src/moc_canvas.cpp; sourceTree = SOURCE_ROOT; };
		B225866E16D1CF5D0056C5E9 /* Node.cpp */ = {isa = PBXFileReference; fileEncoding = 4; lastKnownFileType = sourcecode.cpp.cpp; name = Node.cpp; path = GLEngine/src/Node.cpp; sourceTree = SOURCE_ROOT; };
		B225866F16D1CF5D0056C5E9 /* Object.cpp */ = {isa = PBXFileReference; fileEncoding = 4; lastKnownFileType = sourcecode.cpp.cpp; name = Object.cpp; path = GLEngine/src/Object.cpp; sourceTree = SOURCE_ROOT; };
		B225867016D1CF5D0056C5E9 /* RenderWindow.cpp */ = {isa = PBXFileReference; fileEncoding = 4; lastKnownFileType = sourcecode.cpp.cpp; name = RenderWindow.cpp; path = GLEngine/src/RenderWindow.cpp; sourceTree = SOURCE_ROOT; };
		B225867116D1CF5D0056C5E9 /* SceneTree.cpp */ = {isa = PBXFileReference; fileEncoding = 4; lastKnownFileType = sourcecode.cpp.cpp; name = SceneTree.cpp; path = GLEngine/src/SceneTree.cpp; sourceTree = SOURCE_ROOT; };
		B225867216D1CF5D0056C5E9 /* Vector3.cpp */ = {isa = PBXFileReference; fileEncoding = 4; lastKnownFileType = sourcecode.cpp.cpp; name = Vector3.cpp; path = GLEngine/src/Vector3.cpp; sourceTree = SOURCE_ROOT; };
		B225868116D1CF6D0056C5E9 /* OpenGLView.mm */ = {isa = PBXFileReference; fileEncoding = 4; lastKnownFileType = sourcecode.cpp.objcpp; name = OpenGLView.mm; path = GLEngine/src/OSX/OpenGLView.mm; sourceTree = SOURCE_ROOT; };
		B225868216D1CF6D0056C5E9 /* OSXRenderWindow.mm */ = {isa = PBXFileReference; fileEncoding = 4; lastKnownFileType = sourcecode.cpp.objcpp; name = OSXRenderWindow.mm; path = GLEngine/src/OSX/OSXRenderWindow.mm; sourceTree = SOURCE_ROOT; };
		B225868516D1CF7F0056C5E9 /* Camera.h */ = {isa = PBXFileReference; fileEncoding = 4; lastKnownFileType = sourcecode.c.h; name = Camera.h; path = GLEngine/include/Camera.h; sourceTree = SOURCE_ROOT; };
		B225868716D1CF7F0056C5E9 /* Core.h */ = {isa = PBXFileReference; fileEncoding = 4; lastKnownFileType = sourcecode.c.h; name = Core.h; path = GLEngine/include/Core.h; sourceTree = SOURCE_ROOT; };
		B225868816D1CF7F0056C5E9 /* cubeprimitive.h */ = {isa = PBXFileReference; fileEncoding = 4; lastKnownFileType = sourcecode.c.h; name = cubeprimitive.h; path = GLEngine/include/cubeprimitive.h; sourceTree = SOURCE_ROOT; };
		B225868916D1CF7F0056C5E9 /* EventListener.h */ = {isa = PBXFileReference; fileEncoding = 4; lastKnownFileType = sourcecode.c.h; name = EventListener.h; path = GLEngine/include/EventListener.h; sourceTree = SOURCE_ROOT; };
		B225868A16D1CF7F0056C5E9 /* Frustrum.h */ = {isa = PBXFileReference; fileEncoding = 4; lastKnownFileType = sourcecode.c.h; name = Frustrum.h; path = GLEngine/include/Frustrum.h; sourceTree = SOURCE_ROOT; };
		B225868B16D1CF7F0056C5E9 /* InputHandler.h */ = {isa = PBXFileReference; fileEncoding = 4; lastKnownFileType = sourcecode.c.h; name = InputHandler.h; path = GLEngine/include/InputHandler.h; sourceTree = SOURCE_ROOT; };
		B225868C16D1CF7F0056C5E9 /* Matrix3.h */ = {isa = PBXFileReference; fileEncoding = 4; lastKnownFileType = sourcecode.c.h; name = Matrix3.h; path = GLEngine/include/Matrix3.h; sourceTree = SOURCE_ROOT; };
		B225868D16D1CF7F0056C5E9 /* Matrix4.h */ = {isa = PBXFileReference; fileEncoding = 4; lastKnownFileType = sourcecode.c.h; name = Matrix4.h; path = GLEngine/include/Matrix4.h; sourceTree = SOURCE_ROOT; };
		B225868E16D1CF7F0056C5E9 /* Node.h */ = {isa = PBXFileReference; fileEncoding = 4; lastKnownFileType = sourcecode.c.h; name = Node.h; path = GLEngine/include/Node.h; sourceTree = SOURCE_ROOT; };
		B225868F16D1CF7F0056C5E9 /* Object.h */ = {isa = PBXFileReference; fileEncoding = 4; lastKnownFileType = sourcecode.c.h; name = Object.h; path = GLEngine/include/Object.h; sourceTree = SOURCE_ROOT; };
		B225869016D1CF7F0056C5E9 /* RenderWindow.h */ = {isa = PBXFileReference; fileEncoding = 4; lastKnownFileType = sourcecode.c.h; name = RenderWindow.h; path = GLEngine/include/RenderWindow.h; sourceTree = SOURCE_ROOT; };
		B225869116D1CF7F0056C5E9 /* SceneTree.h */ = {isa = PBXFileReference; fileEncoding = 4; lastKnownFileType = sourcecode.c.h; name = SceneTree.h; path = GLEngine/include/SceneTree.h; sourceTree = SOURCE_ROOT; };
		B225869216D1CF7F0056C5E9 /* Vector3.h */ = {isa = PBXFileReference; fileEncoding = 4; lastKnownFileType = sourcecode.c.h; name = Vector3.h; path = GLEngine/include/Vector3.h; sourceTree = SOURCE_ROOT; };
		B22586A116D1CF8A0056C5E9 /* OpenGLView.h */ = {isa = PBXFileReference; fileEncoding = 4; lastKnownFileType = sourcecode.c.h; name = OpenGLView.h; path = GLEngine/include/OSX/OpenGLView.h; sourceTree = SOURCE_ROOT; };
		B22586A216D1CF8A0056C5E9 /* OSXRenderWindow.h */ = {isa = PBXFileReference; fileEncoding = 4; lastKnownFileType = sourcecode.c.h; name = OSXRenderWindow.h; path = GLEngine/include/OSX/OSXRenderWindow.h; sourceTree = SOURCE_ROOT; };
		B22586A516D1CFA50056C5E9 /* tinystr.cpp */ = {isa = PBXFileReference; fileEncoding = 4; lastKnownFileType = sourcecode.cpp.cpp; name = tinystr.cpp; path = GLEngine/tinyxml/tinystr.cpp; sourceTree = SOURCE_ROOT; };
		B22586A616D1CFA50056C5E9 /* tinyxml.cpp */ = {isa = PBXFileReference; fileEncoding = 4; lastKnownFileType = sourcecode.cpp.cpp; name = tinyxml.cpp; path = GLEngine/tinyxml/tinyxml.cpp; sourceTree = SOURCE_ROOT; };
		B22586A716D1CFA50056C5E9 /* tinyxmlerror.cpp */ = {isa = PBXFileReference; fileEncoding = 4; lastKnownFileType = sourcecode.cpp.cpp; name = tinyxmlerror.cpp; path = GLEngine/tinyxml/tinyxmlerror.cpp; sourceTree = SOURCE_ROOT; };
		B22586A816D1CFA50056C5E9 /* tinyxmlparser.cpp */ = {isa = PBXFileReference; fileEncoding = 4; lastKnownFileType = sourcecode.cpp.cpp; name = tinyxmlparser.cpp; path = GLEngine/tinyxml/tinyxmlparser.cpp; sourceTree = SOURCE_ROOT; };
		B22586AD16D1CFB80056C5E9 /* tinystr.h */ = {isa = PBXFileReference; fileEncoding = 4; lastKnownFileType = sourcecode.c.h; name = tinystr.h; path = GLEngine/tinyxml/tinystr.h; sourceTree = SOURCE_ROOT; };
		B22586AE16D1CFB80056C5E9 /* tinyxml.h */ = {isa = PBXFileReference; fileEncoding = 4; lastKnownFileType = sourcecode.c.h; name = tinyxml.h; path = GLEngine/tinyxml/tinyxml.h; sourceTree = SOURCE_ROOT; };
		B22586B116D1CFCC0056C5E9 /* fragmentMP.fs */ = {isa = PBXFileReference; fileEncoding = 4; lastKnownFileType = sourcecode.glsl; name = fragmentMP.fs; path = TestApp/data/shaders/fragmentMP.fs; sourceTree = "<group>"; };
		B22586B216D1CFCC0056C5E9 /* vertexMP.vs */ = {isa = PBXFileReference; fileEncoding = 4; lastKnownFileType = sourcecode.glsl; name = vertexMP.vs; path = TestApp/data/shaders/vertexMP.vs; sourceTree = "<group>"; };
		B22586B516D1CFE50056C5E9 /* GLEngineProj.xcconfig */ = {isa = PBXFileReference; fileEncoding = 4; lastKnownFileType = text.xcconfig; name = GLEngineProj.xcconfig; path = GLEngine/GLEngineProj.xcconfig; sourceTree = SOURCE_ROOT; };
		B22586B616D1CFE50056C5E9 /* GLEngineTarget.xcconfig */ = {isa = PBXFileReference; fileEncoding = 4; lastKnownFileType = text.xcconfig; name = GLEngineTarget.xcconfig; path = GLEngine/GLEngineTarget.xcconfig; sourceTree = SOURCE_ROOT; };
		B22586B716D1D0070056C5E9 /* GLEngine-Prefix.pch */ = {isa = PBXFileReference; fileEncoding = 4; lastKnownFileType = sourcecode.c.h; name = "GLEngine-Prefix.pch"; path = "GLEngine/GLEngine-Prefix.pch"; sourceTree = SOURCE_ROOT; };
		B27F490116D1C19F005F474E /* GLEngine.dylib */ = {isa = PBXFileReference; explicitFileType = "compiled.mach-o.dylib"; includeInIndex = 0; path = GLEngine.dylib; sourceTree = BUILT_PRODUCTS_DIR; };
		B27F495716D1C22A005F474E /* TestApp.app */ = {isa = PBXFileReference; explicitFileType = wrapper.application; includeInIndex = 0; path = TestApp.app; sourceTree = BUILT_PRODUCTS_DIR; };
		B27F495916D1C22A005F474E /* Cocoa.framework */ = {isa = PBXFileReference; lastKnownFileType = wrapper.framework; name = Cocoa.framework; path = System/Library/Frameworks/Cocoa.framework; sourceTree = SDKROOT; };
		B27F495C16D1C22A005F474E /* AppKit.framework */ = {isa = PBXFileReference; lastKnownFileType = wrapper.framework; name = AppKit.framework; path = System/Library/Frameworks/AppKit.framework; sourceTree = SDKROOT; };
		B27F495D16D1C22A005F474E /* CoreData.framework */ = {isa = PBXFileReference; lastKnownFileType = wrapper.framework; name = CoreData.framework; path = System/Library/Frameworks/CoreData.framework; sourceTree = SDKROOT; };
		B27F495E16D1C22A005F474E /* Foundation.framework */ = {isa = PBXFileReference; lastKnownFileType = wrapper.framework; name = Foundation.framework; path = System/Library/Frameworks/Foundation.framework; sourceTree = SDKROOT; };
		B27F497E16D1C285005F474E /* OpenGL.framework */ = {isa = PBXFileReference; lastKnownFileType = wrapper.framework; name = OpenGL.framework; path = System/Library/Frameworks/OpenGL.framework; sourceTree = SDKROOT; };
		B27F498016D1C4CA005F474E /* libfreeimage-3.14.1.dylib */ = {isa = PBXFileReference; lastKnownFileType = "compiled.mach-o.dylib"; name = "libfreeimage-3.14.1.dylib"; path = "/usr/local/lib/libfreeimage-3.14.1.dylib"; sourceTree = "<absolute>"; };
/* End PBXFileReference section */

/* Begin PBXFrameworksBuildPhase section */
		B27F48FE16D1C19F005F474E /* Frameworks */ = {
			isa = PBXFrameworksBuildPhase;
			buildActionMask = 2147483647;
			files = (
				B27F498716D1C633005F474E /* libfreeimage-3.14.1.dylib in Frameworks */,
				39CBCDB11998233F0011F12D /* OpenGL.framework in Frameworks */,
				39CBCDB2199823530011F12D /* Cocoa.framework in Frameworks */,
			);
			runOnlyForDeploymentPostprocessing = 0;
		};
		B27F495416D1C22A005F474E /* Frameworks */ = {
			isa = PBXFrameworksBuildPhase;
			buildActionMask = 2147483647;
			files = (
				B27F498216D1C4FE005F474E /* GLEngine.dylib in Frameworks */,
				B27F498116D1C4CA005F474E /* libfreeimage-3.14.1.dylib in Frameworks */,
				B27F497F16D1C285005F474E /* OpenGL.framework in Frameworks */,
				B27F495A16D1C22A005F474E /* Cocoa.framework in Frameworks */,
			);
			runOnlyForDeploymentPostprocessing = 0;
		};
/* End PBXFrameworksBuildPhase section */

/* Begin PBXGroup section */
		B27F48F816D1C19F005F474E = {
			isa = PBXGroup;
			children = (
				B29006C716D1CC3700C8B3C9 /* Shaders */,
				B27F490316D1C19F005F474E /* GLEngine */,
				B27F495F16D1C22A005F474E /* TestApp */,
				B27F495816D1C22A005F474E /* Frameworks */,
				B27F490216D1C19F005F474E /* Products */,
			);
			sourceTree = "<group>";
		};
		B27F490216D1C19F005F474E /* Products */ = {
			isa = PBXGroup;
			children = (
				B27F490116D1C19F005F474E /* GLEngine.dylib */,
				B27F495716D1C22A005F474E /* TestApp.app */,
			);
			name = Products;
			sourceTree = "<group>";
		};
		B27F490316D1C19F005F474E /* GLEngine */ = {
			isa = PBXGroup;
			children = (
				B27F498A16D1C69E005F474E /* Tinyxml */,
				B27F492E16D1C1D5005F474E /* Headers */,
				B27F491116D1C1B3005F474E /* Source */,
				B27F490416D1C19F005F474E /* Supporting Files */,
			);
			path = GLEngine;
			sourceTree = "<group>";
		};
		B27F490416D1C19F005F474E /* Supporting Files */ = {
			isa = PBXGroup;
			children = (
				B22586B716D1D0070056C5E9 /* GLEngine-Prefix.pch */,
				B22586B516D1CFE50056C5E9 /* GLEngineProj.xcconfig */,
				B22586B616D1CFE50056C5E9 /* GLEngineTarget.xcconfig */,
			);
			name = "Supporting Files";
			sourceTree = "<group>";
		};
		B27F491116D1C1B3005F474E /* Source */ = {
			isa = PBXGroup;
			children = (
				B225868116D1CF6D0056C5E9 /* OpenGLView.mm */,
				B225868216D1CF6D0056C5E9 /* OSXRenderWindow.mm */,
				B225866516D1CF5D0056C5E9 /* Camera.cpp */,
				B225866616D1CF5D0056C5E9 /* canvas.cpp */,
				B225866716D1CF5D0056C5E9 /* Core.cpp */,
				B225866816D1CF5D0056C5E9 /* cubeprimitive.cpp */,
				B225866916D1CF5D0056C5E9 /* Frustrum.cpp */,
				B225866A16D1CF5D0056C5E9 /* InputHandler.cpp */,
				B225866B16D1CF5D0056C5E9 /* Matrix3.cpp */,
				B225866C16D1CF5D0056C5E9 /* Matrix4.cpp */,
				B225866D16D1CF5D0056C5E9 /* moc_canvas.cpp */,
				B225866E16D1CF5D0056C5E9 /* Node.cpp */,
				B225866F16D1CF5D0056C5E9 /* Object.cpp */,
				B225867016D1CF5D0056C5E9 /* RenderWindow.cpp */,
				B225867116D1CF5D0056C5E9 /* SceneTree.cpp */,
				B225867216D1CF5D0056C5E9 /* Vector3.cpp */,
			);
			name = Source;
			sourceTree = "<group>";
		};
		B27F492E16D1C1D5005F474E /* Headers */ = {
			isa = PBXGroup;
			children = (
				B22586A116D1CF8A0056C5E9 /* OpenGLView.h */,
				B22586A216D1CF8A0056C5E9 /* OSXRenderWindow.h */,
				B225868516D1CF7F0056C5E9 /* Camera.h */,
				B225868716D1CF7F0056C5E9 /* Core.h */,
				B225868816D1CF7F0056C5E9 /* cubeprimitive.h */,
				B225868916D1CF7F0056C5E9 /* EventListener.h */,
				B225868A16D1CF7F0056C5E9 /* Frustrum.h */,
				B225868B16D1CF7F0056C5E9 /* InputHandler.h */,
				B225868C16D1CF7F0056C5E9 /* Matrix3.h */,
				B225868D16D1CF7F0056C5E9 /* Matrix4.h */,
				B225868E16D1CF7F0056C5E9 /* Node.h */,
				B225868F16D1CF7F0056C5E9 /* Object.h */,
				B225869016D1CF7F0056C5E9 /* RenderWindow.h */,
				B225869116D1CF7F0056C5E9 /* SceneTree.h */,
				B225869216D1CF7F0056C5E9 /* Vector3.h */,
			);
			name = Headers;
			sourceTree = "<group>";
		};
		B27F495816D1C22A005F474E /* Frameworks */ = {
			isa = PBXGroup;
			children = (
				B27F498016D1C4CA005F474E /* libfreeimage-3.14.1.dylib */,
				B27F497E16D1C285005F474E /* OpenGL.framework */,
				B27F495916D1C22A005F474E /* Cocoa.framework */,
				B27F495B16D1C22A005F474E /* Other Frameworks */,
			);
			name = Frameworks;
			sourceTree = "<group>";
		};
		B27F495B16D1C22A005F474E /* Other Frameworks */ = {
			isa = PBXGroup;
			children = (
				B27F495C16D1C22A005F474E /* AppKit.framework */,
				B27F495D16D1C22A005F474E /* CoreData.framework */,
				B27F495E16D1C22A005F474E /* Foundation.framework */,
			);
			name = "Other Frameworks";
			sourceTree = "<group>";
		};
		B27F495F16D1C22A005F474E /* TestApp */ = {
			isa = PBXGroup;
			children = (
				B27F497516D1C246005F474E /* Headers */,
				B27F497416D1C23E005F474E /* Source */,
				B27F496016D1C22A005F474E /* Supporting Files */,
			);
			path = TestApp;
			sourceTree = "<group>";
		};
		B27F496016D1C22A005F474E /* Supporting Files */ = {
			isa = PBXGroup;
			children = (
				B225865F16D1CF420056C5E9 /* Credits.rtf */,
				B225866116D1CF420056C5E9 /* InfoPlist.strings */,
				B225865D16D1CF3A0056C5E9 /* TestApp-Info.plist */,
			);
			name = "Supporting Files";
			sourceTree = "<group>";
		};
		B27F497416D1C23E005F474E /* Source */ = {
			isa = PBXGroup;
			children = (
				B225865716D1CF2F0056C5E9 /* app.cpp */,
				B225865816D1CF2F0056C5E9 /* main.cpp */,
				B225865916D1CF2F0056C5E9 /* myinputhandler.cpp */,
			);
			name = Source;
			sourceTree = "<group>";
		};
		B27F497516D1C246005F474E /* Headers */ = {
			isa = PBXGroup;
			children = (
				B225865516D1CF220056C5E9 /* app.h */,
				B225865616D1CF220056C5E9 /* myinputhandler.h */,
			);
			name = Headers;
			sourceTree = "<group>";
		};
		B27F498A16D1C69E005F474E /* Tinyxml */ = {
			isa = PBXGroup;
			children = (
				B27F498C16D1C6AD005F474E /* Headers */,
				B27F498B16D1C6A8005F474E /* Source */,
			);
			name = Tinyxml;
			sourceTree = "<group>";
		};
		B27F498B16D1C6A8005F474E /* Source */ = {
			isa = PBXGroup;
			children = (
				B22586A516D1CFA50056C5E9 /* tinystr.cpp */,
				B22586A616D1CFA50056C5E9 /* tinyxml.cpp */,
				B22586A716D1CFA50056C5E9 /* tinyxmlerror.cpp */,
				B22586A816D1CFA50056C5E9 /* tinyxmlparser.cpp */,
			);
			name = Source;
			sourceTree = "<group>";
		};
		B27F498C16D1C6AD005F474E /* Headers */ = {
			isa = PBXGroup;
			children = (
				B22586AD16D1CFB80056C5E9 /* tinystr.h */,
				B22586AE16D1CFB80056C5E9 /* tinyxml.h */,
			);
			name = Headers;
			sourceTree = "<group>";
		};
		B29006C716D1CC3700C8B3C9 /* Shaders */ = {
			isa = PBXGroup;
			children = (
				B22586B116D1CFCC0056C5E9 /* fragmentMP.fs */,
				B22586B216D1CFCC0056C5E9 /* vertexMP.vs */,
			);
			name = Shaders;
			sourceTree = "<group>";
		};
/* End PBXGroup section */

/* Begin PBXHeadersBuildPhase section */
		B27F48FF16D1C19F005F474E /* Headers */ = {
			isa = PBXHeadersBuildPhase;
			buildActionMask = 2147483647;
			files = (
				B225869316D1CF7F0056C5E9 /* Camera.h in Headers */,
				B225869516D1CF7F0056C5E9 /* Core.h in Headers */,
				B225869616D1CF7F0056C5E9 /* cubeprimitive.h in Headers */,
				B225869716D1CF7F0056C5E9 /* EventListener.h in Headers */,
				B225869816D1CF7F0056C5E9 /* Frustrum.h in Headers */,
				B225869916D1CF7F0056C5E9 /* InputHandler.h in Headers */,
				B225869A16D1CF7F0056C5E9 /* Matrix3.h in Headers */,
				B225869B16D1CF7F0056C5E9 /* Matrix4.h in Headers */,
				B225869C16D1CF7F0056C5E9 /* Node.h in Headers */,
				B225869D16D1CF7F0056C5E9 /* Object.h in Headers */,
				B225869E16D1CF7F0056C5E9 /* RenderWindow.h in Headers */,
				B225869F16D1CF7F0056C5E9 /* SceneTree.h in Headers */,
				B22586A016D1CF7F0056C5E9 /* Vector3.h in Headers */,
				B22586A316D1CF8A0056C5E9 /* OpenGLView.h in Headers */,
				B22586A416D1CF8A0056C5E9 /* OSXRenderWindow.h in Headers */,
				B22586AF16D1CFB80056C5E9 /* tinystr.h in Headers */,
				B22586B016D1CFB80056C5E9 /* tinyxml.h in Headers */,
				B22586B816D1D0070056C5E9 /* GLEngine-Prefix.pch in Headers */,
			);
			runOnlyForDeploymentPostprocessing = 0;
		};
/* End PBXHeadersBuildPhase section */

/* Begin PBXNativeTarget section */
		B27F490016D1C19F005F474E /* GLEngine */ = {
			isa = PBXNativeTarget;
			buildConfigurationList = B27F490E16D1C19F005F474E /* Build configuration list for PBXNativeTarget "GLEngine" */;
			buildPhases = (
				B27F48FD16D1C19F005F474E /* Sources */,
				B27F48FE16D1C19F005F474E /* Frameworks */,
				B27F48FF16D1C19F005F474E /* Headers */,
			);
			buildRules = (
			);
			dependencies = (
			);
			name = GLEngine;
			productName = GLEngine;
			productReference = B27F490116D1C19F005F474E /* GLEngine.dylib */;
			productType = "com.apple.product-type.library.dynamic";
		};
		B27F495616D1C22A005F474E /* TestApp */ = {
			isa = PBXNativeTarget;
			buildConfigurationList = B27F497116D1C22A005F474E /* Build configuration list for PBXNativeTarget "TestApp" */;
			buildPhases = (
				B27F495316D1C22A005F474E /* Sources */,
				B27F495416D1C22A005F474E /* Frameworks */,
				B27F495516D1C22A005F474E /* Resources */,
			);
			buildRules = (
			);
			dependencies = (
				B27F498416D1C601005F474E /* PBXTargetDependency */,
			);
			name = TestApp;
			productName = TestApp;
			productReference = B27F495716D1C22A005F474E /* TestApp.app */;
			productType = "com.apple.product-type.application";
		};
/* End PBXNativeTarget section */

/* Begin PBXProject section */
		B27F48F916D1C19F005F474E /* Project object */ = {
			isa = PBXProject;
			attributes = {
				LastUpgradeCheck = 0510;
				ORGANIZATIONNAME = "Rob Rau";
			};
			buildConfigurationList = B27F48FC16D1C19F005F474E /* Build configuration list for PBXProject "GLEngine" */;
			compatibilityVersion = "Xcode 3.2";
			developmentRegion = English;
			hasScannedForEncodings = 0;
			knownRegions = (
				en,
			);
			mainGroup = B27F48F816D1C19F005F474E;
			productRefGroup = B27F490216D1C19F005F474E /* Products */;
			projectDirPath = "";
			projectRoot = "";
			targets = (
				B27F490016D1C19F005F474E /* GLEngine */,
				B27F495616D1C22A005F474E /* TestApp */,
			);
		};
/* End PBXProject section */

/* Begin PBXResourcesBuildPhase section */
		B27F495516D1C22A005F474E /* Resources */ = {
			isa = PBXResourcesBuildPhase;
			buildActionMask = 2147483647;
			files = (
				B22586B916D1D0320056C5E9 /* fragmentMP.fs in Resources */,
				B22586BA16D1D0320056C5E9 /* vertexMP.vs in Resources */,
				B27F499916D1C94C005F474E /* libfreeimage-3.14.1.dylib in Resources */,
				B225866316D1CF420056C5E9 /* Credits.rtf in Resources */,
				B225866416D1CF420056C5E9 /* InfoPlist.strings in Resources */,
			);
			runOnlyForDeploymentPostprocessing = 0;
		};
/* End PBXResourcesBuildPhase section */

/* Begin PBXSourcesBuildPhase section */
		B27F48FD16D1C19F005F474E /* Sources */ = {
			isa = PBXSourcesBuildPhase;
			buildActionMask = 2147483647;
			files = (
				B225867316D1CF5D0056C5E9 /* Camera.cpp in Sources */,
				B225867416D1CF5D0056C5E9 /* canvas.cpp in Sources */,
				B225867516D1CF5D0056C5E9 /* Core.cpp in Sources */,
				B225867616D1CF5D0056C5E9 /* cubeprimitive.cpp in Sources */,
				B225867716D1CF5D0056C5E9 /* Frustrum.cpp in Sources */,
				B225867816D1CF5D0056C5E9 /* InputHandler.cpp in Sources */,
				B225867916D1CF5D0056C5E9 /* Matrix3.cpp in Sources */,
				B225867A16D1CF5D0056C5E9 /* Matrix4.cpp in Sources */,
				B225867B16D1CF5D0056C5E9 /* moc_canvas.cpp in Sources */,
				B225867C16D1CF5D0056C5E9 /* Node.cpp in Sources */,
				B225867D16D1CF5D0056C5E9 /* Object.cpp in Sources */,
				B225867E16D1CF5D0056C5E9 /* RenderWindow.cpp in Sources */,
				B225867F16D1CF5D0056C5E9 /* SceneTree.cpp in Sources */,
				B225868016D1CF5D0056C5E9 /* Vector3.cpp in Sources */,
				B225868316D1CF6D0056C5E9 /* OpenGLView.mm in Sources */,
				B225868416D1CF6D0056C5E9 /* OSXRenderWindow.mm in Sources */,
				B22586A916D1CFA50056C5E9 /* tinystr.cpp in Sources */,
				B22586AA16D1CFA50056C5E9 /* tinyxml.cpp in Sources */,
				B22586AB16D1CFA50056C5E9 /* tinyxmlerror.cpp in Sources */,
				B22586AC16D1CFA50056C5E9 /* tinyxmlparser.cpp in Sources */,
			);
			runOnlyForDeploymentPostprocessing = 0;
		};
		B27F495316D1C22A005F474E /* Sources */ = {
			isa = PBXSourcesBuildPhase;
			buildActionMask = 2147483647;
			files = (
				B225865A16D1CF2F0056C5E9 /* app.cpp in Sources */,
				B225865B16D1CF2F0056C5E9 /* main.cpp in Sources */,
				B225865C16D1CF2F0056C5E9 /* myinputhandler.cpp in Sources */,
			);
			runOnlyForDeploymentPostprocessing = 0;
		};
/* End PBXSourcesBuildPhase section */

/* Begin PBXTargetDependency section */
		B27F498416D1C601005F474E /* PBXTargetDependency */ = {
			isa = PBXTargetDependency;
			target = B27F490016D1C19F005F474E /* GLEngine */;
			targetProxy = B27F498316D1C601005F474E /* PBXContainerItemProxy */;
		};
/* End PBXTargetDependency section */

/* Begin PBXVariantGroup section */
		B225865F16D1CF420056C5E9 /* Credits.rtf */ = {
			isa = PBXVariantGroup;
			children = (
				B225866016D1CF420056C5E9 /* en */,
			);
			name = Credits.rtf;
			sourceTree = "<group>";
		};
		B225866116D1CF420056C5E9 /* InfoPlist.strings */ = {
			isa = PBXVariantGroup;
			children = (
				B225866216D1CF420056C5E9 /* en */,
			);
			name = InfoPlist.strings;
			sourceTree = "<group>";
		};
/* End PBXVariantGroup section */

/* Begin XCBuildConfiguration section */
		B27F490C16D1C19F005F474E /* Debug */ = {
			isa = XCBuildConfiguration;
			buildSettings = {
				ALWAYS_SEARCH_USER_PATHS = NO;
				CLANG_CXX_LANGUAGE_STANDARD = "c++98";
				CLANG_CXX_LIBRARY = "libstdc++";
				CLANG_ENABLE_OBJC_ARC = YES;
				CLANG_WARN_CONSTANT_CONVERSION = YES;
				CLANG_WARN_EMPTY_BODY = YES;
				CLANG_WARN_ENUM_CONVERSION = YES;
				CLANG_WARN_INT_CONVERSION = YES;
				CLANG_WARN__DUPLICATE_METHOD_MATCH = YES;
				COPY_PHASE_STRIP = NO;
				GCC_C_LANGUAGE_STANDARD = gnu99;
				GCC_DYNAMIC_NO_PIC = NO;
				GCC_ENABLE_OBJC_EXCEPTIONS = YES;
				GCC_OPTIMIZATION_LEVEL = 0;
				GCC_PREPROCESSOR_DEFINITIONS = (
					"DEBUG=1",
					"$(inherited)",
				);
				GCC_SYMBOLS_PRIVATE_EXTERN = NO;
				GCC_WARN_64_TO_32_BIT_CONVERSION = YES;
				GCC_WARN_ABOUT_RETURN_TYPE = YES;
				GCC_WARN_UNINITIALIZED_AUTOS = YES;
				GCC_WARN_UNUSED_VARIABLE = YES;
				MACOSX_DEPLOYMENT_TARGET = 10.7;
				ONLY_ACTIVE_ARCH = YES;
				SDKROOT = macosx;
			};
			name = Debug;
		};
		B27F490D16D1C19F005F474E /* Release */ = {
			isa = XCBuildConfiguration;
			buildSettings = {
				ALWAYS_SEARCH_USER_PATHS = NO;
				CLANG_CXX_LANGUAGE_STANDARD = "c++98";
				CLANG_CXX_LIBRARY = "libstdc++";
				CLANG_ENABLE_OBJC_ARC = YES;
				CLANG_WARN_CONSTANT_CONVERSION = YES;
				CLANG_WARN_EMPTY_BODY = YES;
				CLANG_WARN_ENUM_CONVERSION = YES;
				CLANG_WARN_INT_CONVERSION = YES;
				CLANG_WARN__DUPLICATE_METHOD_MATCH = YES;
				COPY_PHASE_STRIP = YES;
				DEBUG_INFORMATION_FORMAT = "dwarf-with-dsym";
				GCC_C_LANGUAGE_STANDARD = gnu99;
				GCC_ENABLE_OBJC_EXCEPTIONS = YES;
				GCC_WARN_64_TO_32_BIT_CONVERSION = YES;
				GCC_WARN_ABOUT_RETURN_TYPE = YES;
				GCC_WARN_UNINITIALIZED_AUTOS = YES;
				GCC_WARN_UNUSED_VARIABLE = YES;
				MACOSX_DEPLOYMENT_TARGET = 10.7;
				SDKROOT = macosx;
			};
			name = Release;
		};
		B27F490F16D1C19F005F474E /* Debug */ = {
			isa = XCBuildConfiguration;
			buildSettings = {
				CLANG_CXX_LANGUAGE_STANDARD = "c++98";
				CLANG_CXX_LIBRARY = "libstdc++";
				CLANG_ENABLE_OBJC_ARC = NO;
				GCC_VERSION = "";
				HEADER_SEARCH_PATHS = /usr/local/include;
				LIBRARY_SEARCH_PATHS = /usr/local/lib;
				MACOSX_DEPLOYMENT_TARGET = 10.9;
				OTHER_LDFLAGS = "";
				PRODUCT_NAME = "$(TARGET_NAME)";
				SDKROOT = macosx;
			};
			name = Debug;
		};
		B27F491016D1C19F005F474E /* Release */ = {
			isa = XCBuildConfiguration;
			buildSettings = {
				CLANG_CXX_LANGUAGE_STANDARD = "c++98";
				CLANG_CXX_LIBRARY = "libstdc++";
				CLANG_ENABLE_OBJC_ARC = NO;
				GCC_VERSION = "";
				HEADER_SEARCH_PATHS = /usr/local/include;
				LIBRARY_SEARCH_PATHS = /usr/local/lib;
				MACOSX_DEPLOYMENT_TARGET = 10.9;
				OTHER_LDFLAGS = "";
				PRODUCT_NAME = "$(TARGET_NAME)";
				SDKROOT = macosx;
			};
			name = Release;
		};
		B27F497216D1C22A005F474E /* Debug */ = {
			isa = XCBuildConfiguration;
			buildSettings = {
				CLANG_ENABLE_OBJC_ARC = NO;
				COMBINE_HIDPI_IMAGES = YES;
				GCC_PRECOMPILE_PREFIX_HEADER = YES;
				GCC_PREFIX_HEADER = "";
				HEADER_SEARCH_PATHS = include;
				INFOPLIST_FILE = "TestApp/TestApp-Info.plist";
				LIBRARY_SEARCH_PATHS = /usr/local/lib;
				PRODUCT_NAME = "$(TARGET_NAME)";
				SDKROOT = macosx;
				VALID_ARCHS = "i386 x86_64";
				WRAPPER_EXTENSION = app;
			};
			name = Debug;
		};
		B27F497316D1C22A005F474E /* Release */ = {
			isa = XCBuildConfiguration;
			buildSettings = {
				CLANG_ENABLE_OBJC_ARC = NO;
				COMBINE_HIDPI_IMAGES = YES;
				GCC_PRECOMPILE_PREFIX_HEADER = YES;
				GCC_PREFIX_HEADER = "";
				HEADER_SEARCH_PATHS = include;
				INFOPLIST_FILE = "TestApp/TestApp-Info.plist";
				LIBRARY_SEARCH_PATHS = /usr/local/lib;
				PRODUCT_NAME = "$(TARGET_NAME)";
				SDKROOT = macosx;
				VALID_ARCHS = "i386 x86_64";
				WRAPPER_EXTENSION = app;
			};
			name = Release;
		};
/* End XCBuildConfiguration section */

/* Begin XCConfigurationList section */
		B27F48FC16D1C19F005F474E /* Build configuration list for PBXProject "GLEngine" */ = {
			isa = XCConfigurationList;
			buildConfigurations = (
				B27F490C16D1C19F005F474E /* Debug */,
				B27F490D16D1C19F005F474E /* Release */,
			);
			defaultConfigurationIsVisible = 0;
			defaultConfigurationName = Release;
		};
		B27F490E16D1C19F005F474E /* Build configuration list for PBXNativeTarget "GLEngine" */ = {
			isa = XCConfigurationList;
			buildConfigurations = (
				B27F490F16D1C19F005F474E /* Debug */,
				B27F491016D1C19F005F474E /* Release */,
			);
			defaultConfigurationIsVisible = 0;
			defaultConfigurationName = Release;
		};
		B27F497116D1C22A005F474E /* Build configuration list for PBXNativeTarget "TestApp" */ = {
			isa = XCConfigurationList;
			buildConfigurations = (
				B27F497216D1C22A005F474E /* Debug */,
				B27F497316D1C22A005F474E /* Release */,
			);
			defaultConfigurationIsVisible = 0;
			defaultConfigurationName = Release;
		};
/* End XCConfigurationList section */
	};
	rootObject = B27F48F916D1C19F005F474E /* Project object */;
}
