
Microsoft Visual Studio Solution File, Format Version 10.00
# Visual Studio 2008
Project("{8BC9CEB8-8B4A-11D0-8D11-00A0C91BC942}") = "QtGLEngine", "QtGLEngine.vcproj", "{0A6F3AA8-0B95-3003-B86F-EB986939D361}"
EndProject
Global
	GlobalSection(SolutionConfigurationPlatforms) = preSolution
		Debug|Win32 = Debug|Win32
		Release|Win32 = Release|Win32
	EndGlobalSection
	GlobalSection(ProjectConfigurationPlatforms) = postSolution
		{0A6F3AA8-0B95-3003-B86F-EB986939D361}.Debug|Win32.ActiveCfg = Debug|Win32
		{0A6F3AA8-0B95-3003-B86F-EB986939D361}.Debug|Win32.Build.0 = Debug|Win32
		{0A6F3AA8-0B95-3003-B86F-EB986939D361}.Release|Win32.ActiveCfg = Release|Win32
		{0A6F3AA8-0B95-3003-B86F-EB986939D361}.Release|Win32.Build.0 = Release|Win32
	EndGlobalSection
	GlobalSection(SolutionProperties) = preSolution
		HideSolutionNode = FALSE
	EndGlobalSection
EndGlobal
